// !$*UTF8*$!
{
	archiveVersion = 1;
	classes = {
	};
	objectVersion = 55;
	objects = {

/* Begin PBXBuildFile section */
		6C3D30B72778C64100665254 /* AppDelegate.swift in Sources */ = {isa = PBXBuildFile; fileRef = 6C3D30B62778C64100665254 /* AppDelegate.swift */; };
		6C3D30B92778C64100665254 /* SceneDelegate.swift in Sources */ = {isa = PBXBuildFile; fileRef = 6C3D30B82778C64100665254 /* SceneDelegate.swift */; };
		6C3D30BB2778C64100665254 /* ViewController.swift in Sources */ = {isa = PBXBuildFile; fileRef = 6C3D30BA2778C64100665254 /* ViewController.swift */; };
		6C3D30BE2778C64100665254 /* Main.storyboard in Resources */ = {isa = PBXBuildFile; fileRef = 6C3D30BC2778C64100665254 /* Main.storyboard */; };
		6C3D30C02778C64200665254 /* Assets.xcassets in Resources */ = {isa = PBXBuildFile; fileRef = 6C3D30BF2778C64200665254 /* Assets.xcassets */; };
		6C3D30C32778C64200665254 /* LaunchScreen.storyboard in Resources */ = {isa = PBXBuildFile; fileRef = 6C3D30C12778C64200665254 /* LaunchScreen.storyboard */; };
		6C3D30CE2778C64200665254 /* TestNavigationTests.swift in Sources */ = {isa = PBXBuildFile; fileRef = 6C3D30CD2778C64200665254 /* TestNavigationTests.swift */; };
		6C3D30D82778C64200665254 /* TestNavigationUITests.swift in Sources */ = {isa = PBXBuildFile; fileRef = 6C3D30D72778C64200665254 /* TestNavigationUITests.swift */; };
		6C3D30DA2778C64200665254 /* TestNavigationUITestsLaunchTests.swift in Sources */ = {isa = PBXBuildFile; fileRef = 6C3D30D92778C64200665254 /* TestNavigationUITestsLaunchTests.swift */; };
		6C3D30E72778C6B900665254 /* SecondVC.swift in Sources */ = {isa = PBXBuildFile; fileRef = 6C3D30E62778C6B900665254 /* SecondVC.swift */; };
/* End PBXBuildFile section */

/* Begin PBXContainerItemProxy section */
		6C3D30CA2778C64200665254 /* PBXContainerItemProxy */ = {
			isa = PBXContainerItemProxy;
			containerPortal = 6C3D30AB2778C64100665254 /* Project object */;
			proxyType = 1;
			remoteGlobalIDString = 6C3D30B22778C64100665254;
			remoteInfo = TestNavigation;
		};
		6C3D30D42778C64200665254 /* PBXContainerItemProxy */ = {
			isa = PBXContainerItemProxy;
			containerPortal = 6C3D30AB2778C64100665254 /* Project object */;
			proxyType = 1;
			remoteGlobalIDString = 6C3D30B22778C64100665254;
			remoteInfo = TestNavigation;
		};
/* End PBXContainerItemProxy section */

/* Begin PBXFileReference section */
		6C3D30B32778C64100665254 /* TestNavigation.app */ = {isa = PBXFileReference; explicitFileType = wrapper.application; includeInIndex = 0; path = TestNavigation.app; sourceTree = BUILT_PRODUCTS_DIR; };
		6C3D30B62778C64100665254 /* AppDelegate.swift */ = {isa = PBXFileReference; lastKnownFileType = sourcecode.swift; path = AppDelegate.swift; sourceTree = "<group>"; };
		6C3D30B82778C64100665254 /* SceneDelegate.swift */ = {isa = PBXFileReference; lastKnownFileType = sourcecode.swift; path = SceneDelegate.swift; sourceTree = "<group>"; };
		6C3D30BA2778C64100665254 /* ViewController.swift */ = {isa = PBXFileReference; lastKnownFileType = sourcecode.swift; path = ViewController.swift; sourceTree = "<group>"; };
		6C3D30BD2778C64100665254 /* Base */ = {isa = PBXFileReference; lastKnownFileType = file.storyboard; name = Base; path = Base.lproj/Main.storyboard; sourceTree = "<group>"; };
		6C3D30BF2778C64200665254 /* Assets.xcassets */ = {isa = PBXFileReference; lastKnownFileType = folder.assetcatalog; path = Assets.xcassets; sourceTree = "<group>"; };
		6C3D30C22778C64200665254 /* Base */ = {isa = PBXFileReference; lastKnownFileType = file.storyboard; name = Base; path = Base.lproj/LaunchScreen.storyboard; sourceTree = "<group>"; };
		6C3D30C42778C64200665254 /* Info.plist */ = {isa = PBXFileReference; lastKnownFileType = text.plist.xml; path = Info.plist; sourceTree = "<group>"; };
		6C3D30C92778C64200665254 /* TestNavigationTests.xctest */ = {isa = PBXFileReference; explicitFileType = wrapper.cfbundle; includeInIndex = 0; path = TestNavigationTests.xctest; sourceTree = BUILT_PRODUCTS_DIR; };
		6C3D30CD2778C64200665254 /* TestNavigationTests.swift */ = {isa = PBXFileReference; lastKnownFileType = sourcecode.swift; path = TestNavigationTests.swift; sourceTree = "<group>"; };
		6C3D30D32778C64200665254 /* TestNavigationUITests.xctest */ = {isa = PBXFileReference; explicitFileType = wrapper.cfbundle; includeInIndex = 0; path = TestNavigationUITests.xctest; sourceTree = BUILT_PRODUCTS_DIR; };
		6C3D30D72778C64200665254 /* TestNavigationUITests.swift */ = {isa = PBXFileReference; lastKnownFileType = sourcecode.swift; path = TestNavigationUITests.swift; sourceTree = "<group>"; };
		6C3D30D92778C64200665254 /* TestNavigationUITestsLaunchTests.swift */ = {isa = PBXFileReference; lastKnownFileType = sourcecode.swift; path = TestNavigationUITestsLaunchTests.swift; sourceTree = "<group>"; };
		6C3D30E62778C6B900665254 /* SecondVC.swift */ = {isa = PBXFileReference; lastKnownFileType = sourcecode.swift; path = SecondVC.swift; sourceTree = "<group>"; };
/* End PBXFileReference section */

/* Begin PBXFrameworksBuildPhase section */
		6C3D30B02778C64100665254 /* Frameworks */ = {
			isa = PBXFrameworksBuildPhase;
			buildActionMask = 2147483647;
			files = (
			);
			runOnlyForDeploymentPostprocessing = 0;
		};
		6C3D30C62778C64200665254 /* Frameworks */ = {
			isa = PBXFrameworksBuildPhase;
			buildActionMask = 2147483647;
			files = (
			);
			runOnlyForDeploymentPostprocessing = 0;
		};
		6C3D30D02778C64200665254 /* Frameworks */ = {
			isa = PBXFrameworksBuildPhase;
			buildActionMask = 2147483647;
			files = (
			);
			runOnlyForDeploymentPostprocessing = 0;
		};
/* End PBXFrameworksBuildPhase section */

/* Begin PBXGroup section */
		6C3D30AA2778C64100665254 = {
			isa = PBXGroup;
			children = (
				6C3D30B52778C64100665254 /* TestNavigation */,
				6C3D30CC2778C64200665254 /* TestNavigationTests */,
				6C3D30D62778C64200665254 /* TestNavigationUITests */,
				6C3D30B42778C64100665254 /* Products */,
			);
			sourceTree = "<group>";
		};
		6C3D30B42778C64100665254 /* Products */ = {
			isa = PBXGroup;
			children = (
				6C3D30B32778C64100665254 /* TestNavigation.app */,
				6C3D30C92778C64200665254 /* TestNavigationTests.xctest */,
				6C3D30D32778C64200665254 /* TestNavigationUITests.xctest */,
			);
			name = Products;
			sourceTree = "<group>";
		};
		6C3D30B52778C64100665254 /* TestNavigation */ = {
			isa = PBXGroup;
			children = (
				6C3D30B62778C64100665254 /* AppDelegate.swift */,
				6C3D30B82778C64100665254 /* SceneDelegate.swift */,
				6C3D30BA2778C64100665254 /* ViewController.swift */,
				6C3D30E62778C6B900665254 /* SecondVC.swift */,
				6C3D30BC2778C64100665254 /* Main.storyboard */,
				6C3D30BF2778C64200665254 /* Assets.xcassets */,
				6C3D30C12778C64200665254 /* LaunchScreen.storyboard */,
				6C3D30C42778C64200665254 /* Info.plist */,
			);
			path = TestNavigation;
			sourceTree = "<group>";
		};
		6C3D30CC2778C64200665254 /* TestNavigationTests */ = {
			isa = PBXGroup;
			children = (
				6C3D30CD2778C64200665254 /* TestNavigationTests.swift */,
			);
			path = TestNavigationTests;
			sourceTree = "<group>";
		};
		6C3D30D62778C64200665254 /* TestNavigationUITests */ = {
			isa = PBXGroup;
			children = (
				6C3D30D72778C64200665254 /* TestNavigationUITests.swift */,
				6C3D30D92778C64200665254 /* TestNavigationUITestsLaunchTests.swift */,
			);
			path = TestNavigationUITests;
			sourceTree = "<group>";
		};
/* End PBXGroup section */

/* Begin PBXNativeTarget section */
		6C3D30B22778C64100665254 /* TestNavigation */ = {
			isa = PBXNativeTarget;
			buildConfigurationList = 6C3D30DD2778C64200665254 /* Build configuration list for PBXNativeTarget "TestNavigation" */;
			buildPhases = (
				6C3D30AF2778C64100665254 /* Sources */,
				6C3D30B02778C64100665254 /* Frameworks */,
				6C3D30B12778C64100665254 /* Resources */,
			);
			buildRules = (
			);
			dependencies = (
			);
			name = TestNavigation;
			productName = TestNavigation;
			productReference = 6C3D30B32778C64100665254 /* TestNavigation.app */;
			productType = "com.apple.product-type.application";
		};
		6C3D30C82778C64200665254 /* TestNavigationTests */ = {
			isa = PBXNativeTarget;
			buildConfigurationList = 6C3D30E02778C64200665254 /* Build configuration list for PBXNativeTarget "TestNavigationTests" */;
			buildPhases = (
				6C3D30C52778C64200665254 /* Sources */,
				6C3D30C62778C64200665254 /* Frameworks */,
				6C3D30C72778C64200665254 /* Resources */,
			);
			buildRules = (
			);
			dependencies = (
				6C3D30CB2778C64200665254 /* PBXTargetDependency */,
			);
			name = TestNavigationTests;
			productName = TestNavigationTests;
			productReference = 6C3D30C92778C64200665254 /* TestNavigationTests.xctest */;
			productType = "com.apple.product-type.bundle.unit-test";
		};
		6C3D30D22778C64200665254 /* TestNavigationUITests */ = {
			isa = PBXNativeTarget;
			buildConfigurationList = 6C3D30E32778C64200665254 /* Build configuration list for PBXNativeTarget "TestNavigationUITests" */;
			buildPhases = (
				6C3D30CF2778C64200665254 /* Sources */,
				6C3D30D02778C64200665254 /* Frameworks */,
				6C3D30D12778C64200665254 /* Resources */,
			);
			buildRules = (
			);
			dependencies = (
				6C3D30D52778C64200665254 /* PBXTargetDependency */,
			);
			name = TestNavigationUITests;
			productName = TestNavigationUITests;
			productReference = 6C3D30D32778C64200665254 /* TestNavigationUITests.xctest */;
			productType = "com.apple.product-type.bundle.ui-testing";
		};
/* End PBXNativeTarget section */

/* Begin PBXProject section */
		6C3D30AB2778C64100665254 /* Project object */ = {
			isa = PBXProject;
			attributes = {
				BuildIndependentTargetsInParallel = 1;
				LastSwiftUpdateCheck = 1310;
				LastUpgradeCheck = 1310;
				TargetAttributes = {
					6C3D30B22778C64100665254 = {
						CreatedOnToolsVersion = 13.1;
					};
					6C3D30C82778C64200665254 = {
						CreatedOnToolsVersion = 13.1;
						TestTargetID = 6C3D30B22778C64100665254;
					};
					6C3D30D22778C64200665254 = {
						CreatedOnToolsVersion = 13.1;
						TestTargetID = 6C3D30B22778C64100665254;
					};
				};
			};
			buildConfigurationList = 6C3D30AE2778C64100665254 /* Build configuration list for PBXProject "TestNavigation" */;
			compatibilityVersion = "Xcode 13.0";
			developmentRegion = en;
			hasScannedForEncodings = 0;
			knownRegions = (
				en,
				Base,
			);
			mainGroup = 6C3D30AA2778C64100665254;
			productRefGroup = 6C3D30B42778C64100665254 /* Products */;
			projectDirPath = "";
			projectRoot = "";
			targets = (
				6C3D30B22778C64100665254 /* TestNavigation */,
				6C3D30C82778C64200665254 /* TestNavigationTests */,
				6C3D30D22778C64200665254 /* TestNavigationUITests */,
			);
		};
/* End PBXProject section */

/* Begin PBXResourcesBuildPhase section */
		6C3D30B12778C64100665254 /* Resources */ = {
			isa = PBXResourcesBuildPhase;
			buildActionMask = 2147483647;
			files = (
				6C3D30C32778C64200665254 /* LaunchScreen.storyboard in Resources */,
				6C3D30C02778C64200665254 /* Assets.xcassets in Resources */,
				6C3D30BE2778C64100665254 /* Main.storyboard in Resources */,
			);
			runOnlyForDeploymentPostprocessing = 0;
		};
		6C3D30C72778C64200665254 /* Resources */ = {
			isa = PBXResourcesBuildPhase;
			buildActionMask = 2147483647;
			files = (
			);
			runOnlyForDeploymentPostprocessing = 0;
		};
		6C3D30D12778C64200665254 /* Resources */ = {
			isa = PBXResourcesBuildPhase;
			buildActionMask = 2147483647;
			files = (
			);
			runOnlyForDeploymentPostprocessing = 0;
		};
/* End PBXResourcesBuildPhase section */

/* Begin PBXSourcesBuildPhase section */
		6C3D30AF2778C64100665254 /* Sources */ = {
			isa = PBXSourcesBuildPhase;
			buildActionMask = 2147483647;
			files = (
				6C3D30BB2778C64100665254 /* ViewController.swift in Sources */,
				6C3D30B72778C64100665254 /* AppDelegate.swift in Sources */,
				6C3D30E72778C6B900665254 /* SecondVC.swift in Sources */,
				6C3D30B92778C64100665254 /* SceneDelegate.swift in Sources */,
			);
			runOnlyForDeploymentPostprocessing = 0;
		};
		6C3D30C52778C64200665254 /* Sources */ = {
			isa = PBXSourcesBuildPhase;
			buildActionMask = 2147483647;
			files = (
				6C3D30CE2778C64200665254 /* TestNavigationTests.swift in Sources */,
			);
			runOnlyForDeploymentPostprocessing = 0;
		};
		6C3D30CF2778C64200665254 /* Sources */ = {
			isa = PBXSourcesBuildPhase;
			buildActionMask = 2147483647;
			files = (
				6C3D30DA2778C64200665254 /* TestNavigationUITestsLaunchTests.swift in Sources */,
				6C3D30D82778C64200665254 /* TestNavigationUITests.swift in Sources */,
			);
			runOnlyForDeploymentPostprocessing = 0;
		};
/* End PBXSourcesBuildPhase section */

/* Begin PBXTargetDependency section */
		6C3D30CB2778C64200665254 /* PBXTargetDependency */ = {
			isa = PBXTargetDependency;
			target = 6C3D30B22778C64100665254 /* TestNavigation */;
			targetProxy = 6C3D30CA2778C64200665254 /* PBXContainerItemProxy */;
		};
		6C3D30D52778C64200665254 /* PBXTargetDependency */ = {
			isa = PBXTargetDependency;
			target = 6C3D30B22778C64100665254 /* TestNavigation */;
			targetProxy = 6C3D30D42778C64200665254 /* PBXContainerItemProxy */;
		};
/* End PBXTargetDependency section */

/* Begin PBXVariantGroup section */
		6C3D30BC2778C64100665254 /* Main.storyboard */ = {
			isa = PBXVariantGroup;
			children = (
				6C3D30BD2778C64100665254 /* Base */,
			);
			name = Main.storyboard;
			sourceTree = "<group>";
		};
		6C3D30C12778C64200665254 /* LaunchScreen.storyboard */ = {
			isa = PBXVariantGroup;
			children = (
				6C3D30C22778C64200665254 /* Base */,
			);
			name = LaunchScreen.storyboard;
			sourceTree = "<group>";
		};
/* End PBXVariantGroup section */

/* Begin XCBuildConfiguration section */
		6C3D30DB2778C64200665254 /* Debug */ = {
			isa = XCBuildConfiguration;
			buildSettings = {
				ALWAYS_SEARCH_USER_PATHS = NO;
				CLANG_ANALYZER_NONNULL = YES;
				CLANG_ANALYZER_NUMBER_OBJECT_CONVERSION = YES_AGGRESSIVE;
				CLANG_CXX_LANGUAGE_STANDARD = "gnu++17";
				CLANG_CXX_LIBRARY = "libc++";
				CLANG_ENABLE_MODULES = YES;
				CLANG_ENABLE_OBJC_ARC = YES;
				CLANG_ENABLE_OBJC_WEAK = YES;
				CLANG_WARN_BLOCK_CAPTURE_AUTORELEASING = YES;
				CLANG_WARN_BOOL_CONVERSION = YES;
				CLANG_WARN_COMMA = YES;
				CLANG_WARN_CONSTANT_CONVERSION = YES;
				CLANG_WARN_DEPRECATED_OBJC_IMPLEMENTATIONS = YES;
				CLANG_WARN_DIRECT_OBJC_ISA_USAGE = YES_ERROR;
				CLANG_WARN_DOCUMENTATION_COMMENTS = YES;
				CLANG_WARN_EMPTY_BODY = YES;
				CLANG_WARN_ENUM_CONVERSION = YES;
				CLANG_WARN_INFINITE_RECURSION = YES;
				CLANG_WARN_INT_CONVERSION = YES;
				CLANG_WARN_NON_LITERAL_NULL_CONVERSION = YES;
				CLANG_WARN_OBJC_IMPLICIT_RETAIN_SELF = YES;
				CLANG_WARN_OBJC_LITERAL_CONVERSION = YES;
				CLANG_WARN_OBJC_ROOT_CLASS = YES_ERROR;
				CLANG_WARN_QUOTED_INCLUDE_IN_FRAMEWORK_HEADER = YES;
				CLANG_WARN_RANGE_LOOP_ANALYSIS = YES;
				CLANG_WARN_STRICT_PROTOTYPES = YES;
				CLANG_WARN_SUSPICIOUS_MOVE = YES;
				CLANG_WARN_UNGUARDED_AVAILABILITY = YES_AGGRESSIVE;
				CLANG_WARN_UNREACHABLE_CODE = YES;
				CLANG_WARN__DUPLICATE_METHOD_MATCH = YES;
				COPY_PHASE_STRIP = NO;
				DEBUG_INFORMATION_FORMAT = dwarf;
				ENABLE_STRICT_OBJC_MSGSEND = YES;
				ENABLE_TESTABILITY = YES;
				GCC_C_LANGUAGE_STANDARD = gnu11;
				GCC_DYNAMIC_NO_PIC = NO;
				GCC_NO_COMMON_BLOCKS = YES;
				GCC_OPTIMIZATION_LEVEL = 0;
				GCC_PREPROCESSOR_DEFINITIONS = (
					"DEBUG=1",
					"$(inherited)",
				);
				GCC_WARN_64_TO_32_BIT_CONVERSION = YES;
				GCC_WARN_ABOUT_RETURN_TYPE = YES_ERROR;
				GCC_WARN_UNDECLARED_SELECTOR = YES;
				GCC_WARN_UNINITIALIZED_AUTOS = YES_AGGRESSIVE;
				GCC_WARN_UNUSED_FUNCTION = YES;
				GCC_WARN_UNUSED_VARIABLE = YES;
				IPHONEOS_DEPLOYMENT_TARGET = 15.0;
				MTL_ENABLE_DEBUG_INFO = INCLUDE_SOURCE;
				MTL_FAST_MATH = YES;
				ONLY_ACTIVE_ARCH = YES;
				SDKROOT = iphoneos;
				SWIFT_ACTIVE_COMPILATION_CONDITIONS = DEBUG;
				SWIFT_OPTIMIZATION_LEVEL = "-Onone";
			};
			name = Debug;
		};
		6C3D30DC2778C64200665254 /* Release */ = {
			isa = XCBuildConfiguration;
			buildSettings = {
				ALWAYS_SEARCH_USER_PATHS = NO;
				CLANG_ANALYZER_NONNULL = YES;
				CLANG_ANALYZER_NUMBER_OBJECT_CONVERSION = YES_AGGRESSIVE;
				CLANG_CXX_LANGUAGE_STANDARD = "gnu++17";
				CLANG_CXX_LIBRARY = "libc++";
				CLANG_ENABLE_MODULES = YES;
				CLANG_ENABLE_OBJC_ARC = YES;
				CLANG_ENABLE_OBJC_WEAK = YES;
				CLANG_WARN_BLOCK_CAPTURE_AUTORELEASING = YES;
				CLANG_WARN_BOOL_CONVERSION = YES;
				CLANG_WARN_COMMA = YES;
				CLANG_WARN_CONSTANT_CONVERSION = YES;
				CLANG_WARN_DEPRECATED_OBJC_IMPLEMENTATIONS = YES;
				CLANG_WARN_DIRECT_OBJC_ISA_USAGE = YES_ERROR;
				CLANG_WARN_DOCUMENTATION_COMMENTS = YES;
				CLANG_WARN_EMPTY_BODY = YES;
				CLANG_WARN_ENUM_CONVERSION = YES;
				CLANG_WARN_INFINITE_RECURSION = YES;
				CLANG_WARN_INT_CONVERSION = YES;
				CLANG_WARN_NON_LITERAL_NULL_CONVERSION = YES;
				CLANG_WARN_OBJC_IMPLICIT_RETAIN_SELF = YES;
				CLANG_WARN_OBJC_LITERAL_CONVERSION = YES;
				CLANG_WARN_OBJC_ROOT_CLASS = YES_ERROR;
				CLANG_WARN_QUOTED_INCLUDE_IN_FRAMEWORK_HEADER = YES;
				CLANG_WARN_RANGE_LOOP_ANALYSIS = YES;
				CLANG_WARN_STRICT_PROTOTYPES = YES;
				CLANG_WARN_SUSPICIOUS_MOVE = YES;
				CLANG_WARN_UNGUARDED_AVAILABILITY = YES_AGGRESSIVE;
				CLANG_WARN_UNREACHABLE_CODE = YES;
				CLANG_WARN__DUPLICATE_METHOD_MATCH = YES;
				COPY_PHASE_STRIP = NO;
				DEBUG_INFORMATION_FORMAT = "dwarf-with-dsym";
				ENABLE_NS_ASSERTIONS = NO;
				ENABLE_STRICT_OBJC_MSGSEND = YES;
				GCC_C_LANGUAGE_STANDARD = gnu11;
				GCC_NO_COMMON_BLOCKS = YES;
				GCC_WARN_64_TO_32_BIT_CONVERSION = YES;
				GCC_WARN_ABOUT_RETURN_TYPE = YES_ERROR;
				GCC_WARN_UNDECLARED_SELECTOR = YES;
				GCC_WARN_UNINITIALIZED_AUTOS = YES_AGGRESSIVE;
				GCC_WARN_UNUSED_FUNCTION = YES;
				GCC_WARN_UNUSED_VARIABLE = YES;
				IPHONEOS_DEPLOYMENT_TARGET = 15.0;
				MTL_ENABLE_DEBUG_INFO = NO;
				MTL_FAST_MATH = YES;
				SDKROOT = iphoneos;
				SWIFT_COMPILATION_MODE = wholemodule;
				SWIFT_OPTIMIZATION_LEVEL = "-O";
				VALIDATE_PRODUCT = YES;
			};
			name = Release;
		};
		6C3D30DE2778C64200665254 /* Debug */ = {
			isa = XCBuildConfiguration;
			buildSettings = {
				ASSETCATALOG_COMPILER_APPICON_NAME = AppIcon;
				ASSETCATALOG_COMPILER_GLOBAL_ACCENT_COLOR_NAME = AccentColor;
				CODE_SIGN_STYLE = Automatic;
				CURRENT_PROJECT_VERSION = 1;
				DEVELOPMENT_TEAM = 35W7TZ9DUM;
				GENERATE_INFOPLIST_FILE = YES;
				INFOPLIST_FILE = TestNavigation/Info.plist;
				INFOPLIST_KEY_UIApplicationSupportsIndirectInputEvents = YES;
				INFOPLIST_KEY_UILaunchStoryboardName = LaunchScreen;
				INFOPLIST_KEY_UIMainStoryboardFile = Main;
				INFOPLIST_KEY_UISupportedInterfaceOrientations_iPad = "UIInterfaceOrientationPortrait UIInterfaceOrientationPortraitUpsideDown UIInterfaceOrientationLandscapeLeft UIInterfaceOrientationLandscapeRight";
				INFOPLIST_KEY_UISupportedInterfaceOrientations_iPhone = "UIInterfaceOrientationPortrait UIInterfaceOrientationLandscapeLeft UIInterfaceOrientationLandscapeRight";
				LD_RUNPATH_SEARCH_PATHS = (
					"$(inherited)",
					"@executable_path/Frameworks",
				);
				MARKETING_VERSION = 1.0;
				PRODUCT_BUNDLE_IDENTIFIER = com.paigesoftware.TestNavigation;
				PRODUCT_NAME = "$(TARGET_NAME)";
				SWIFT_EMIT_LOC_STRINGS = YES;
				SWIFT_VERSION = 5.0;
				TARGETED_DEVICE_FAMILY = "1,2";
			};
			name = Debug;
		};
		6C3D30DF2778C64200665254 /* Release */ = {
			isa = XCBuildConfiguration;
			buildSettings = {
				ASSETCATALOG_COMPILER_APPICON_NAME = AppIcon;
				ASSETCATALOG_COMPILER_GLOBAL_ACCENT_COLOR_NAME = AccentColor;
				CODE_SIGN_STYLE = Automatic;
				CURRENT_PROJECT_VERSION = 1;
				DEVELOPMENT_TEAM = 35W7TZ9DUM;
				GENERATE_INFOPLIST_FILE = YES;
				INFOPLIST_FILE = TestNavigation/Info.plist;
				INFOPLIST_KEY_UIApplicationSupportsIndirectInputEvents = YES;
				INFOPLIST_KEY_UILaunchStoryboardName = LaunchScreen;
				INFOPLIST_KEY_UIMainStoryboardFile = Main;
				INFOPLIST_KEY_UISupportedInterfaceOrientations_iPad = "UIInterfaceOrientationPortrait UIInterfaceOrientationPortraitUpsideDown UIInterfaceOrientationLandscapeLeft UIInterfaceOrientationLandscapeRight";
				INFOPLIST_KEY_UISupportedInterfaceOrientations_iPhone = "UIInterfaceOrientationPortrait UIInterfaceOrientationLandscapeLeft UIInterfaceOrientationLandscapeRight";
				LD_RUNPATH_SEARCH_PATHS = (
					"$(inherited)",
					"@executable_path/Frameworks",
				);
				MARKETING_VERSION = 1.0;
				PRODUCT_BUNDLE_IDENTIFIER = com.paigesoftware.TestNavigation;
				PRODUCT_NAME = "$(TARGET_NAME)";
				SWIFT_EMIT_LOC_STRINGS = YES;
				SWIFT_VERSION = 5.0;
				TARGETED_DEVICE_FAMILY = "1,2";
			};
			name = Release;
		};
		6C3D30E12778C64200665254 /* Debug */ = {
			isa = XCBuildConfiguration;
			buildSettings = {
				ALWAYS_EMBED_SWIFT_STANDARD_LIBRARIES = YES;
				BUNDLE_LOADER = "$(TEST_HOST)";
				CODE_SIGN_STYLE = Automatic;
				CURRENT_PROJECT_VERSION = 1;
				DEVELOPMENT_TEAM = 35W7TZ9DUM;
				GENERATE_INFOPLIST_FILE = YES;
				IPHONEOS_DEPLOYMENT_TARGET = 15.0;
				LD_RUNPATH_SEARCH_PATHS = (
					"$(inherited)",
					"@executable_path/Frameworks",
					"@loader_path/Frameworks",
				);
				MARKETING_VERSION = 1.0;
				PRODUCT_BUNDLE_IDENTIFIER = com.paigesoftware.TestNavigationTests;
				PRODUCT_NAME = "$(TARGET_NAME)";
				SWIFT_EMIT_LOC_STRINGS = NO;
				SWIFT_VERSION = 5.0;
				TARGETED_DEVICE_FAMILY = "1,2";
				TEST_HOST = "$(BUILT_PRODUCTS_DIR)/TestNavigation.app/TestNavigation";
			};
			name = Debug;
		};
		6C3D30E22778C64200665254 /* Release */ = {
			isa = XCBuildConfiguration;
			buildSettings = {
				ALWAYS_EMBED_SWIFT_STANDARD_LIBRARIES = YES;
				BUNDLE_LOADER = "$(TEST_HOST)";
				CODE_SIGN_STYLE = Automatic;
				CURRENT_PROJECT_VERSION = 1;
				DEVELOPMENT_TEAM = 35W7TZ9DUM;
				GENERATE_INFOPLIST_FILE = YES;
				IPHONEOS_DEPLOYMENT_TARGET = 15.0;
				LD_RUNPATH_SEARCH_PATHS = (
					"$(inherited)",
					"@executable_path/Frameworks",
					"@loader_path/Frameworks",
				);
				MARKETING_VERSION = 1.0;
				PRODUCT_BUNDLE_IDENTIFIER = com.paigesoftware.TestNavigationTests;
				PRODUCT_NAME = "$(TARGET_NAME)";
				SWIFT_EMIT_LOC_STRINGS = NO;
				SWIFT_VERSION = 5.0;
				TARGETED_DEVICE_FAMILY = "1,2";
				TEST_HOST = "$(BUILT_PRODUCTS_DIR)/TestNavigation.app/TestNavigation";
			};
			name = Release;
		};
		6C3D30E42778C64200665254 /* Debug */ = {
			isa = XCBuildConfiguration;
			buildSettings = {
				ALWAYS_EMBED_SWIFT_STANDARD_LIBRARIES = YES;
				CODE_SIGN_STYLE = Automatic;
				CURRENT_PROJECT_VERSION = 1;
				DEVELOPMENT_TEAM = 35W7TZ9DUM;
				GENERATE_INFOPLIST_FILE = YES;
				LD_RUNPATH_SEARCH_PATHS = (
					"$(inherited)",
					"@executable_path/Frameworks",
					"@loader_path/Frameworks",
				);
				MARKETING_VERSION = 1.0;
				PRODUCT_BUNDLE_IDENTIFIER = com.paigesoftware.TestNavigationUITests;
				PRODUCT_NAME = "$(TARGET_NAME)";
				SWIFT_EMIT_LOC_STRINGS = NO;
				SWIFT_VERSION = 5.0;
				TARGETED_DEVICE_FAMILY = "1,2";
				TEST_TARGET_NAME = TestNavigation;
			};
			name = Debug;
		};
		6C3D30E52778C64200665254 /* Release */ = {
			isa = XCBuildConfiguration;
			buildSettings = {
				ALWAYS_EMBED_SWIFT_STANDARD_LIBRARIES = YES;
				CODE_SIGN_STYLE = Automatic;
				CURRENT_PROJECT_VERSION = 1;
				DEVELOPMENT_TEAM = 35W7TZ9DUM;
				GENERATE_INFOPLIST_FILE = YES;
				LD_RUNPATH_SEARCH_PATHS = (
					"$(inherited)",
					"@executable_path/Frameworks",
					"@loader_path/Frameworks",
				);
				MARKETING_VERSION = 1.0;
				PRODUCT_BUNDLE_IDENTIFIER = com.paigesoftware.TestNavigationUITests;
				PRODUCT_NAME = "$(TARGET_NAME)";
				SWIFT_EMIT_LOC_STRINGS = NO;
				SWIFT_VERSION = 5.0;
				TARGETED_DEVICE_FAMILY = "1,2";
				TEST_TARGET_NAME = TestNavigation;
			};
			name = Release;
		};
/* End XCBuildConfiguration section */

/* Begin XCConfigurationList section */
		6C3D30AE2778C64100665254 /* Build configuration list for PBXProject "TestNavigation" */ = {
			isa = XCConfigurationList;
			buildConfigurations = (
				6C3D30DB2778C64200665254 /* Debug */,
				6C3D30DC2778C64200665254 /* Release */,
			);
			defaultConfigurationIsVisible = 0;
			defaultConfigurationName = Release;
		};
		6C3D30DD2778C64200665254 /* Build configuration list for PBXNativeTarget "TestNavigation" */ = {
			isa = XCConfigurationList;
			buildConfigurations = (
				6C3D30DE2778C64200665254 /* Debug */,
				6C3D30DF2778C64200665254 /* Release */,
			);
			defaultConfigurationIsVisible = 0;
			defaultConfigurationName = Release;
		};
		6C3D30E02778C64200665254 /* Build configuration list for PBXNativeTarget "TestNavigationTests" */ = {
			isa = XCConfigurationList;
			buildConfigurations = (
				6C3D30E12778C64200665254 /* Debug */,
				6C3D30E22778C64200665254 /* Release */,
			);
			defaultConfigurationIsVisible = 0;
			defaultConfigurationName = Release;
		};
		6C3D30E32778C64200665254 /* Build configuration list for PBXNativeTarget "TestNavigationUITests" */ = {
			isa = XCConfigurationList;
			buildConfigurations = (
				6C3D30E42778C64200665254 /* Debug */,
				6C3D30E52778C64200665254 /* Release */,
			);
			defaultConfigurationIsVisible = 0;
			defaultConfigurationName = Release;
		};
/* End XCConfigurationList section */
	};
	rootObject = 6C3D30AB2778C64100665254 /* Project object */;
}
