// !$*UTF8*$!
{
	archiveVersion = 1;
	classes = {
	};
	objectVersion = 55;
	objects = {

/* Begin PBXBuildFile section */
		6C3D307B2778C23400665254 /* AppDelegate.swift in Sources */ = {isa = PBXBuildFile; fileRef = 6C3D307A2778C23400665254 /* AppDelegate.swift */; };
		6C3D307D2778C23400665254 /* SceneDelegate.swift in Sources */ = {isa = PBXBuildFile; fileRef = 6C3D307C2778C23400665254 /* SceneDelegate.swift */; };
		6C3D307F2778C23400665254 /* SignupViewController.swift in Sources */ = {isa = PBXBuildFile; fileRef = 6C3D307E2778C23400665254 /* SignupViewController.swift */; };
		6C3D30822778C23400665254 /* Main.storyboard in Resources */ = {isa = PBXBuildFile; fileRef = 6C3D30802778C23400665254 /* Main.storyboard */; };
		6C3D30842778C23500665254 /* Assets.xcassets in Resources */ = {isa = PBXBuildFile; fileRef = 6C3D30832778C23500665254 /* Assets.xcassets */; };
		6C3D30872778C23500665254 /* LaunchScreen.storyboard in Resources */ = {isa = PBXBuildFile; fileRef = 6C3D30852778C23500665254 /* LaunchScreen.storyboard */; };
		6C3D30922778C23500665254 /* TestFieldTestExamplesTests.swift in Sources */ = {isa = PBXBuildFile; fileRef = 6C3D30912778C23500665254 /* TestFieldTestExamplesTests.swift */; };
		6C3D309C2778C23500665254 /* TestFieldTestExamplesUITests.swift in Sources */ = {isa = PBXBuildFile; fileRef = 6C3D309B2778C23500665254 /* TestFieldTestExamplesUITests.swift */; };
		6C3D309E2778C23500665254 /* TestFieldTestExamplesUITestsLaunchTests.swift in Sources */ = {isa = PBXBuildFile; fileRef = 6C3D309D2778C23500665254 /* TestFieldTestExamplesUITestsLaunchTests.swift */; };
/* End PBXBuildFile section */

/* Begin PBXContainerItemProxy section */
		6C3D308E2778C23500665254 /* PBXContainerItemProxy */ = {
			isa = PBXContainerItemProxy;
			containerPortal = 6C3D306F2778C23400665254 /* Project object */;
			proxyType = 1;
			remoteGlobalIDString = 6C3D30762778C23400665254;
			remoteInfo = TestFieldTestExamples;
		};
		6C3D30982778C23500665254 /* PBXContainerItemProxy */ = {
			isa = PBXContainerItemProxy;
			containerPortal = 6C3D306F2778C23400665254 /* Project object */;
			proxyType = 1;
			remoteGlobalIDString = 6C3D30762778C23400665254;
			remoteInfo = TestFieldTestExamples;
		};
/* End PBXContainerItemProxy section */

/* Begin PBXFileReference section */
		6C3D30772778C23400665254 /* TestFieldTestExamples.app */ = {isa = PBXFileReference; explicitFileType = wrapper.application; includeInIndex = 0; path = TestFieldTestExamples.app; sourceTree = BUILT_PRODUCTS_DIR; };
		6C3D307A2778C23400665254 /* AppDelegate.swift */ = {isa = PBXFileReference; lastKnownFileType = sourcecode.swift; path = AppDelegate.swift; sourceTree = "<group>"; };
		6C3D307C2778C23400665254 /* SceneDelegate.swift */ = {isa = PBXFileReference; lastKnownFileType = sourcecode.swift; path = SceneDelegate.swift; sourceTree = "<group>"; };
		6C3D307E2778C23400665254 /* SignupViewController.swift */ = {isa = PBXFileReference; lastKnownFileType = sourcecode.swift; path = SignupViewController.swift; sourceTree = "<group>"; };
		6C3D30812778C23400665254 /* Base */ = {isa = PBXFileReference; lastKnownFileType = file.storyboard; name = Base; path = Base.lproj/Main.storyboard; sourceTree = "<group>"; };
		6C3D30832778C23500665254 /* Assets.xcassets */ = {isa = PBXFileReference; lastKnownFileType = folder.assetcatalog; path = Assets.xcassets; sourceTree = "<group>"; };
		6C3D30862778C23500665254 /* Base */ = {isa = PBXFileReference; lastKnownFileType = file.storyboard; name = Base; path = Base.lproj/LaunchScreen.storyboard; sourceTree = "<group>"; };
		6C3D30882778C23500665254 /* Info.plist */ = {isa = PBXFileReference; lastKnownFileType = text.plist.xml; path = Info.plist; sourceTree = "<group>"; };
		6C3D308D2778C23500665254 /* TestFieldTestExamplesTests.xctest */ = {isa = PBXFileReference; explicitFileType = wrapper.cfbundle; includeInIndex = 0; path = TestFieldTestExamplesTests.xctest; sourceTree = BUILT_PRODUCTS_DIR; };
		6C3D30912778C23500665254 /* TestFieldTestExamplesTests.swift */ = {isa = PBXFileReference; lastKnownFileType = sourcecode.swift; path = TestFieldTestExamplesTests.swift; sourceTree = "<group>"; };
		6C3D30972778C23500665254 /* TestFieldTestExamplesUITests.xctest */ = {isa = PBXFileReference; explicitFileType = wrapper.cfbundle; includeInIndex = 0; path = TestFieldTestExamplesUITests.xctest; sourceTree = BUILT_PRODUCTS_DIR; };
		6C3D309B2778C23500665254 /* TestFieldTestExamplesUITests.swift */ = {isa = PBXFileReference; lastKnownFileType = sourcecode.swift; path = TestFieldTestExamplesUITests.swift; sourceTree = "<group>"; };
		6C3D309D2778C23500665254 /* TestFieldTestExamplesUITestsLaunchTests.swift */ = {isa = PBXFileReference; lastKnownFileType = sourcecode.swift; path = TestFieldTestExamplesUITestsLaunchTests.swift; sourceTree = "<group>"; };
/* End PBXFileReference section */

/* Begin PBXFrameworksBuildPhase section */
		6C3D30742778C23400665254 /* Frameworks */ = {
			isa = PBXFrameworksBuildPhase;
			buildActionMask = 2147483647;
			files = (
			);
			runOnlyForDeploymentPostprocessing = 0;
		};
		6C3D308A2778C23500665254 /* Frameworks */ = {
			isa = PBXFrameworksBuildPhase;
			buildActionMask = 2147483647;
			files = (
			);
			runOnlyForDeploymentPostprocessing = 0;
		};
		6C3D30942778C23500665254 /* Frameworks */ = {
			isa = PBXFrameworksBuildPhase;
			buildActionMask = 2147483647;
			files = (
			);
			runOnlyForDeploymentPostprocessing = 0;
		};
/* End PBXFrameworksBuildPhase section */

/* Begin PBXGroup section */
		6C3D306E2778C23400665254 = {
			isa = PBXGroup;
			children = (
				6C3D30792778C23400665254 /* TestFieldTestExamples */,
				6C3D30902778C23500665254 /* TestFieldTestExamplesTests */,
				6C3D309A2778C23500665254 /* TestFieldTestExamplesUITests */,
				6C3D30782778C23400665254 /* Products */,
			);
			sourceTree = "<group>";
		};
		6C3D30782778C23400665254 /* Products */ = {
			isa = PBXGroup;
			children = (
				6C3D30772778C23400665254 /* TestFieldTestExamples.app */,
				6C3D308D2778C23500665254 /* TestFieldTestExamplesTests.xctest */,
				6C3D30972778C23500665254 /* TestFieldTestExamplesUITests.xctest */,
			);
			name = Products;
			sourceTree = "<group>";
		};
		6C3D30792778C23400665254 /* TestFieldTestExamples */ = {
			isa = PBXGroup;
			children = (
				6C3D307A2778C23400665254 /* AppDelegate.swift */,
				6C3D307C2778C23400665254 /* SceneDelegate.swift */,
				6C3D307E2778C23400665254 /* SignupViewController.swift */,
				6C3D30802778C23400665254 /* Main.storyboard */,
				6C3D30832778C23500665254 /* Assets.xcassets */,
				6C3D30852778C23500665254 /* LaunchScreen.storyboard */,
				6C3D30882778C23500665254 /* Info.plist */,
			);
			path = TestFieldTestExamples;
			sourceTree = "<group>";
		};
		6C3D30902778C23500665254 /* TestFieldTestExamplesTests */ = {
			isa = PBXGroup;
			children = (
				6C3D30912778C23500665254 /* TestFieldTestExamplesTests.swift */,
			);
			path = TestFieldTestExamplesTests;
			sourceTree = "<group>";
		};
		6C3D309A2778C23500665254 /* TestFieldTestExamplesUITests */ = {
			isa = PBXGroup;
			children = (
				6C3D309B2778C23500665254 /* TestFieldTestExamplesUITests.swift */,
				6C3D309D2778C23500665254 /* TestFieldTestExamplesUITestsLaunchTests.swift */,
			);
			path = TestFieldTestExamplesUITests;
			sourceTree = "<group>";
		};
/* End PBXGroup section */

/* Begin PBXNativeTarget section */
		6C3D30762778C23400665254 /* TestFieldTestExamples */ = {
			isa = PBXNativeTarget;
			buildConfigurationList = 6C3D30A12778C23500665254 /* Build configuration list for PBXNativeTarget "TestFieldTestExamples" */;
			buildPhases = (
				6C3D30732778C23400665254 /* Sources */,
				6C3D30742778C23400665254 /* Frameworks */,
				6C3D30752778C23400665254 /* Resources */,
			);
			buildRules = (
			);
			dependencies = (
			);
			name = TestFieldTestExamples;
			productName = TestFieldTestExamples;
			productReference = 6C3D30772778C23400665254 /* TestFieldTestExamples.app */;
			productType = "com.apple.product-type.application";
		};
		6C3D308C2778C23500665254 /* TestFieldTestExamplesTests */ = {
			isa = PBXNativeTarget;
			buildConfigurationList = 6C3D30A42778C23500665254 /* Build configuration list for PBXNativeTarget "TestFieldTestExamplesTests" */;
			buildPhases = (
				6C3D30892778C23500665254 /* Sources */,
				6C3D308A2778C23500665254 /* Frameworks */,
				6C3D308B2778C23500665254 /* Resources */,
			);
			buildRules = (
			);
			dependencies = (
				6C3D308F2778C23500665254 /* PBXTargetDependency */,
			);
			name = TestFieldTestExamplesTests;
			productName = TestFieldTestExamplesTests;
			productReference = 6C3D308D2778C23500665254 /* TestFieldTestExamplesTests.xctest */;
			productType = "com.apple.product-type.bundle.unit-test";
		};
		6C3D30962778C23500665254 /* TestFieldTestExamplesUITests */ = {
			isa = PBXNativeTarget;
			buildConfigurationList = 6C3D30A72778C23500665254 /* Build configuration list for PBXNativeTarget "TestFieldTestExamplesUITests" */;
			buildPhases = (
				6C3D30932778C23500665254 /* Sources */,
				6C3D30942778C23500665254 /* Frameworks */,
				6C3D30952778C23500665254 /* Resources */,
			);
			buildRules = (
			);
			dependencies = (
				6C3D30992778C23500665254 /* PBXTargetDependency */,
			);
			name = TestFieldTestExamplesUITests;
			productName = TestFieldTestExamplesUITests;
			productReference = 6C3D30972778C23500665254 /* TestFieldTestExamplesUITests.xctest */;
			productType = "com.apple.product-type.bundle.ui-testing";
		};
/* End PBXNativeTarget section */

/* Begin PBXProject section */
		6C3D306F2778C23400665254 /* Project object */ = {
			isa = PBXProject;
			attributes = {
				BuildIndependentTargetsInParallel = 1;
				LastSwiftUpdateCheck = 1310;
				LastUpgradeCheck = 1310;
				TargetAttributes = {
					6C3D30762778C23400665254 = {
						CreatedOnToolsVersion = 13.1;
					};
					6C3D308C2778C23500665254 = {
						CreatedOnToolsVersion = 13.1;
						TestTargetID = 6C3D30762778C23400665254;
					};
					6C3D30962778C23500665254 = {
						CreatedOnToolsVersion = 13.1;
						TestTargetID = 6C3D30762778C23400665254;
					};
				};
			};
			buildConfigurationList = 6C3D30722778C23400665254 /* Build configuration list for PBXProject "TestFieldTestExamples" */;
			compatibilityVersion = "Xcode 13.0";
			developmentRegion = en;
			hasScannedForEncodings = 0;
			knownRegions = (
				en,
				Base,
			);
			mainGroup = 6C3D306E2778C23400665254;
			productRefGroup = 6C3D30782778C23400665254 /* Products */;
			projectDirPath = "";
			projectRoot = "";
			targets = (
				6C3D30762778C23400665254 /* TestFieldTestExamples */,
				6C3D308C2778C23500665254 /* TestFieldTestExamplesTests */,
				6C3D30962778C23500665254 /* TestFieldTestExamplesUITests */,
			);
		};
/* End PBXProject section */

/* Begin PBXResourcesBuildPhase section */
		6C3D30752778C23400665254 /* Resources */ = {
			isa = PBXResourcesBuildPhase;
			buildActionMask = 2147483647;
			files = (
				6C3D30872778C23500665254 /* LaunchScreen.storyboard in Resources */,
				6C3D30842778C23500665254 /* Assets.xcassets in Resources */,
				6C3D30822778C23400665254 /* Main.storyboard in Resources */,
			);
			runOnlyForDeploymentPostprocessing = 0;
		};
		6C3D308B2778C23500665254 /* Resources */ = {
			isa = PBXResourcesBuildPhase;
			buildActionMask = 2147483647;
			files = (
			);
			runOnlyForDeploymentPostprocessing = 0;
		};
		6C3D30952778C23500665254 /* Resources */ = {
			isa = PBXResourcesBuildPhase;
			buildActionMask = 2147483647;
			files = (
			);
			runOnlyForDeploymentPostprocessing = 0;
		};
/* End PBXResourcesBuildPhase section */

/* Begin PBXSourcesBuildPhase section */
		6C3D30732778C23400665254 /* Sources */ = {
			isa = PBXSourcesBuildPhase;
			buildActionMask = 2147483647;
			files = (
				6C3D307F2778C23400665254 /* SignupViewController.swift in Sources */,
				6C3D307B2778C23400665254 /* AppDelegate.swift in Sources */,
				6C3D307D2778C23400665254 /* SceneDelegate.swift in Sources */,
			);
			runOnlyForDeploymentPostprocessing = 0;
		};
		6C3D30892778C23500665254 /* Sources */ = {
			isa = PBXSourcesBuildPhase;
			buildActionMask = 2147483647;
			files = (
				6C3D30922778C23500665254 /* TestFieldTestExamplesTests.swift in Sources */,
			);
			runOnlyForDeploymentPostprocessing = 0;
		};
		6C3D30932778C23500665254 /* Sources */ = {
			isa = PBXSourcesBuildPhase;
			buildActionMask = 2147483647;
			files = (
				6C3D309E2778C23500665254 /* TestFieldTestExamplesUITestsLaunchTests.swift in Sources */,
				6C3D309C2778C23500665254 /* TestFieldTestExamplesUITests.swift in Sources */,
			);
			runOnlyForDeploymentPostprocessing = 0;
		};
/* End PBXSourcesBuildPhase section */

/* Begin PBXTargetDependency section */
		6C3D308F2778C23500665254 /* PBXTargetDependency */ = {
			isa = PBXTargetDependency;
			target = 6C3D30762778C23400665254 /* TestFieldTestExamples */;
			targetProxy = 6C3D308E2778C23500665254 /* PBXContainerItemProxy */;
		};
		6C3D30992778C23500665254 /* PBXTargetDependency */ = {
			isa = PBXTargetDependency;
			target = 6C3D30762778C23400665254 /* TestFieldTestExamples */;
			targetProxy = 6C3D30982778C23500665254 /* PBXContainerItemProxy */;
		};
/* End PBXTargetDependency section */

/* Begin PBXVariantGroup section */
		6C3D30802778C23400665254 /* Main.storyboard */ = {
			isa = PBXVariantGroup;
			children = (
				6C3D30812778C23400665254 /* Base */,
			);
			name = Main.storyboard;
			sourceTree = "<group>";
		};
		6C3D30852778C23500665254 /* LaunchScreen.storyboard */ = {
			isa = PBXVariantGroup;
			children = (
				6C3D30862778C23500665254 /* Base */,
			);
			name = LaunchScreen.storyboard;
			sourceTree = "<group>";
		};
/* End PBXVariantGroup section */

/* Begin XCBuildConfiguration section */
		6C3D309F2778C23500665254 /* Debug */ = {
			isa = XCBuildConfiguration;
			buildSettings = {
				ALWAYS_SEARCH_USER_PATHS = NO;
				CLANG_ANALYZER_NONNULL = YES;
				CLANG_ANALYZER_NUMBER_OBJECT_CONVERSION = YES_AGGRESSIVE;
				CLANG_CXX_LANGUAGE_STANDARD = "gnu++17";
				CLANG_CXX_LIBRARY = "libc++";
				CLANG_ENABLE_MODULES = YES;
				CLANG_ENABLE_OBJC_ARC = YES;
				CLANG_ENABLE_OBJC_WEAK = YES;
				CLANG_WARN_BLOCK_CAPTURE_AUTORELEASING = YES;
				CLANG_WARN_BOOL_CONVERSION = YES;
				CLANG_WARN_COMMA = YES;
				CLANG_WARN_CONSTANT_CONVERSION = YES;
				CLANG_WARN_DEPRECATED_OBJC_IMPLEMENTATIONS = YES;
				CLANG_WARN_DIRECT_OBJC_ISA_USAGE = YES_ERROR;
				CLANG_WARN_DOCUMENTATION_COMMENTS = YES;
				CLANG_WARN_EMPTY_BODY = YES;
				CLANG_WARN_ENUM_CONVERSION = YES;
				CLANG_WARN_INFINITE_RECURSION = YES;
				CLANG_WARN_INT_CONVERSION = YES;
				CLANG_WARN_NON_LITERAL_NULL_CONVERSION = YES;
				CLANG_WARN_OBJC_IMPLICIT_RETAIN_SELF = YES;
				CLANG_WARN_OBJC_LITERAL_CONVERSION = YES;
				CLANG_WARN_OBJC_ROOT_CLASS = YES_ERROR;
				CLANG_WARN_QUOTED_INCLUDE_IN_FRAMEWORK_HEADER = YES;
				CLANG_WARN_RANGE_LOOP_ANALYSIS = YES;
				CLANG_WARN_STRICT_PROTOTYPES = YES;
				CLANG_WARN_SUSPICIOUS_MOVE = YES;
				CLANG_WARN_UNGUARDED_AVAILABILITY = YES_AGGRESSIVE;
				CLANG_WARN_UNREACHABLE_CODE = YES;
				CLANG_WARN__DUPLICATE_METHOD_MATCH = YES;
				COPY_PHASE_STRIP = NO;
				DEBUG_INFORMATION_FORMAT = dwarf;
				ENABLE_STRICT_OBJC_MSGSEND = YES;
				ENABLE_TESTABILITY = YES;
				GCC_C_LANGUAGE_STANDARD = gnu11;
				GCC_DYNAMIC_NO_PIC = NO;
				GCC_NO_COMMON_BLOCKS = YES;
				GCC_OPTIMIZATION_LEVEL = 0;
				GCC_PREPROCESSOR_DEFINITIONS = (
					"DEBUG=1",
					"$(inherited)",
				);
				GCC_WARN_64_TO_32_BIT_CONVERSION = YES;
				GCC_WARN_ABOUT_RETURN_TYPE = YES_ERROR;
				GCC_WARN_UNDECLARED_SELECTOR = YES;
				GCC_WARN_UNINITIALIZED_AUTOS = YES_AGGRESSIVE;
				GCC_WARN_UNUSED_FUNCTION = YES;
				GCC_WARN_UNUSED_VARIABLE = YES;
				IPHONEOS_DEPLOYMENT_TARGET = 15.0;
				MTL_ENABLE_DEBUG_INFO = INCLUDE_SOURCE;
				MTL_FAST_MATH = YES;
				ONLY_ACTIVE_ARCH = YES;
				SDKROOT = iphoneos;
				SWIFT_ACTIVE_COMPILATION_CONDITIONS = DEBUG;
				SWIFT_OPTIMIZATION_LEVEL = "-Onone";
			};
			name = Debug;
		};
		6C3D30A02778C23500665254 /* Release */ = {
			isa = XCBuildConfiguration;
			buildSettings = {
				ALWAYS_SEARCH_USER_PATHS = NO;
				CLANG_ANALYZER_NONNULL = YES;
				CLANG_ANALYZER_NUMBER_OBJECT_CONVERSION = YES_AGGRESSIVE;
				CLANG_CXX_LANGUAGE_STANDARD = "gnu++17";
				CLANG_CXX_LIBRARY = "libc++";
				CLANG_ENABLE_MODULES = YES;
				CLANG_ENABLE_OBJC_ARC = YES;
				CLANG_ENABLE_OBJC_WEAK = YES;
				CLANG_WARN_BLOCK_CAPTURE_AUTORELEASING = YES;
				CLANG_WARN_BOOL_CONVERSION = YES;
				CLANG_WARN_COMMA = YES;
				CLANG_WARN_CONSTANT_CONVERSION = YES;
				CLANG_WARN_DEPRECATED_OBJC_IMPLEMENTATIONS = YES;
				CLANG_WARN_DIRECT_OBJC_ISA_USAGE = YES_ERROR;
				CLANG_WARN_DOCUMENTATION_COMMENTS = YES;
				CLANG_WARN_EMPTY_BODY = YES;
				CLANG_WARN_ENUM_CONVERSION = YES;
				CLANG_WARN_INFINITE_RECURSION = YES;
				CLANG_WARN_INT_CONVERSION = YES;
				CLANG_WARN_NON_LITERAL_NULL_CONVERSION = YES;
				CLANG_WARN_OBJC_IMPLICIT_RETAIN_SELF = YES;
				CLANG_WARN_OBJC_LITERAL_CONVERSION = YES;
				CLANG_WARN_OBJC_ROOT_CLASS = YES_ERROR;
				CLANG_WARN_QUOTED_INCLUDE_IN_FRAMEWORK_HEADER = YES;
				CLANG_WARN_RANGE_LOOP_ANALYSIS = YES;
				CLANG_WARN_STRICT_PROTOTYPES = YES;
				CLANG_WARN_SUSPICIOUS_MOVE = YES;
				CLANG_WARN_UNGUARDED_AVAILABILITY = YES_AGGRESSIVE;
				CLANG_WARN_UNREACHABLE_CODE = YES;
				CLANG_WARN__DUPLICATE_METHOD_MATCH = YES;
				COPY_PHASE_STRIP = NO;
				DEBUG_INFORMATION_FORMAT = "dwarf-with-dsym";
				ENABLE_NS_ASSERTIONS = NO;
				ENABLE_STRICT_OBJC_MSGSEND = YES;
				GCC_C_LANGUAGE_STANDARD = gnu11;
				GCC_NO_COMMON_BLOCKS = YES;
				GCC_WARN_64_TO_32_BIT_CONVERSION = YES;
				GCC_WARN_ABOUT_RETURN_TYPE = YES_ERROR;
				GCC_WARN_UNDECLARED_SELECTOR = YES;
				GCC_WARN_UNINITIALIZED_AUTOS = YES_AGGRESSIVE;
				GCC_WARN_UNUSED_FUNCTION = YES;
				GCC_WARN_UNUSED_VARIABLE = YES;
				IPHONEOS_DEPLOYMENT_TARGET = 15.0;
				MTL_ENABLE_DEBUG_INFO = NO;
				MTL_FAST_MATH = YES;
				SDKROOT = iphoneos;
				SWIFT_COMPILATION_MODE = wholemodule;
				SWIFT_OPTIMIZATION_LEVEL = "-O";
				VALIDATE_PRODUCT = YES;
			};
			name = Release;
		};
		6C3D30A22778C23500665254 /* Debug */ = {
			isa = XCBuildConfiguration;
			buildSettings = {
				ASSETCATALOG_COMPILER_APPICON_NAME = AppIcon;
				ASSETCATALOG_COMPILER_GLOBAL_ACCENT_COLOR_NAME = AccentColor;
				CODE_SIGN_STYLE = Automatic;
				CURRENT_PROJECT_VERSION = 1;
				DEVELOPMENT_TEAM = 35W7TZ9DUM;
				GENERATE_INFOPLIST_FILE = YES;
				INFOPLIST_FILE = TestFieldTestExamples/Info.plist;
				INFOPLIST_KEY_UIApplicationSupportsIndirectInputEvents = YES;
				INFOPLIST_KEY_UILaunchStoryboardName = LaunchScreen;
				INFOPLIST_KEY_UIMainStoryboardFile = Main;
				INFOPLIST_KEY_UISupportedInterfaceOrientations_iPad = "UIInterfaceOrientationPortrait UIInterfaceOrientationPortraitUpsideDown UIInterfaceOrientationLandscapeLeft UIInterfaceOrientationLandscapeRight";
				INFOPLIST_KEY_UISupportedInterfaceOrientations_iPhone = "UIInterfaceOrientationPortrait UIInterfaceOrientationLandscapeLeft UIInterfaceOrientationLandscapeRight";
				LD_RUNPATH_SEARCH_PATHS = (
					"$(inherited)",
					"@executable_path/Frameworks",
				);
				MARKETING_VERSION = 1.0;
				PRODUCT_BUNDLE_IDENTIFIER = com.paigesoftware.TestFieldTestExamples;
				PRODUCT_NAME = "$(TARGET_NAME)";
				SWIFT_EMIT_LOC_STRINGS = YES;
				SWIFT_VERSION = 5.0;
				TARGETED_DEVICE_FAMILY = "1,2";
			};
			name = Debug;
		};
		6C3D30A32778C23500665254 /* Release */ = {
			isa = XCBuildConfiguration;
			buildSettings = {
				ASSETCATALOG_COMPILER_APPICON_NAME = AppIcon;
				ASSETCATALOG_COMPILER_GLOBAL_ACCENT_COLOR_NAME = AccentColor;
				CODE_SIGN_STYLE = Automatic;
				CURRENT_PROJECT_VERSION = 1;
				DEVELOPMENT_TEAM = 35W7TZ9DUM;
				GENERATE_INFOPLIST_FILE = YES;
				INFOPLIST_FILE = TestFieldTestExamples/Info.plist;
				INFOPLIST_KEY_UIApplicationSupportsIndirectInputEvents = YES;
				INFOPLIST_KEY_UILaunchStoryboardName = LaunchScreen;
				INFOPLIST_KEY_UIMainStoryboardFile = Main;
				INFOPLIST_KEY_UISupportedInterfaceOrientations_iPad = "UIInterfaceOrientationPortrait UIInterfaceOrientationPortraitUpsideDown UIInterfaceOrientationLandscapeLeft UIInterfaceOrientationLandscapeRight";
				INFOPLIST_KEY_UISupportedInterfaceOrientations_iPhone = "UIInterfaceOrientationPortrait UIInterfaceOrientationLandscapeLeft UIInterfaceOrientationLandscapeRight";
				LD_RUNPATH_SEARCH_PATHS = (
					"$(inherited)",
					"@executable_path/Frameworks",
				);
				MARKETING_VERSION = 1.0;
				PRODUCT_BUNDLE_IDENTIFIER = com.paigesoftware.TestFieldTestExamples;
				PRODUCT_NAME = "$(TARGET_NAME)";
				SWIFT_EMIT_LOC_STRINGS = YES;
				SWIFT_VERSION = 5.0;
				TARGETED_DEVICE_FAMILY = "1,2";
			};
			name = Release;
		};
		6C3D30A52778C23500665254 /* Debug */ = {
			isa = XCBuildConfiguration;
			buildSettings = {
				ALWAYS_EMBED_SWIFT_STANDARD_LIBRARIES = YES;
				BUNDLE_LOADER = "$(TEST_HOST)";
				CODE_SIGN_STYLE = Automatic;
				CURRENT_PROJECT_VERSION = 1;
				DEVELOPMENT_TEAM = 35W7TZ9DUM;
				GENERATE_INFOPLIST_FILE = YES;
				IPHONEOS_DEPLOYMENT_TARGET = 15.0;
				LD_RUNPATH_SEARCH_PATHS = (
					"$(inherited)",
					"@executable_path/Frameworks",
					"@loader_path/Frameworks",
				);
				MARKETING_VERSION = 1.0;
				PRODUCT_BUNDLE_IDENTIFIER = com.paigesoftware.TestFieldTestExamplesTests;
				PRODUCT_NAME = "$(TARGET_NAME)";
				SWIFT_EMIT_LOC_STRINGS = NO;
				SWIFT_VERSION = 5.0;
				TARGETED_DEVICE_FAMILY = "1,2";
				TEST_HOST = "$(BUILT_PRODUCTS_DIR)/TestFieldTestExamples.app/TestFieldTestExamples";
			};
			name = Debug;
		};
		6C3D30A62778C23500665254 /* Release */ = {
			isa = XCBuildConfiguration;
			buildSettings = {
				ALWAYS_EMBED_SWIFT_STANDARD_LIBRARIES = YES;
				BUNDLE_LOADER = "$(TEST_HOST)";
				CODE_SIGN_STYLE = Automatic;
				CURRENT_PROJECT_VERSION = 1;
				DEVELOPMENT_TEAM = 35W7TZ9DUM;
				GENERATE_INFOPLIST_FILE = YES;
				IPHONEOS_DEPLOYMENT_TARGET = 15.0;
				LD_RUNPATH_SEARCH_PATHS = (
					"$(inherited)",
					"@executable_path/Frameworks",
					"@loader_path/Frameworks",
				);
				MARKETING_VERSION = 1.0;
				PRODUCT_BUNDLE_IDENTIFIER = com.paigesoftware.TestFieldTestExamplesTests;
				PRODUCT_NAME = "$(TARGET_NAME)";
				SWIFT_EMIT_LOC_STRINGS = NO;
				SWIFT_VERSION = 5.0;
				TARGETED_DEVICE_FAMILY = "1,2";
				TEST_HOST = "$(BUILT_PRODUCTS_DIR)/TestFieldTestExamples.app/TestFieldTestExamples";
			};
			name = Release;
		};
		6C3D30A82778C23500665254 /* Debug */ = {
			isa = XCBuildConfiguration;
			buildSettings = {
				ALWAYS_EMBED_SWIFT_STANDARD_LIBRARIES = YES;
				CODE_SIGN_STYLE = Automatic;
				CURRENT_PROJECT_VERSION = 1;
				DEVELOPMENT_TEAM = 35W7TZ9DUM;
				GENERATE_INFOPLIST_FILE = YES;
				LD_RUNPATH_SEARCH_PATHS = (
					"$(inherited)",
					"@executable_path/Frameworks",
					"@loader_path/Frameworks",
				);
				MARKETING_VERSION = 1.0;
				PRODUCT_BUNDLE_IDENTIFIER = com.paigesoftware.TestFieldTestExamplesUITests;
				PRODUCT_NAME = "$(TARGET_NAME)";
				SWIFT_EMIT_LOC_STRINGS = NO;
				SWIFT_VERSION = 5.0;
				TARGETED_DEVICE_FAMILY = "1,2";
				TEST_TARGET_NAME = TestFieldTestExamples;
			};
			name = Debug;
		};
		6C3D30A92778C23500665254 /* Release */ = {
			isa = XCBuildConfiguration;
			buildSettings = {
				ALWAYS_EMBED_SWIFT_STANDARD_LIBRARIES = YES;
				CODE_SIGN_STYLE = Automatic;
				CURRENT_PROJECT_VERSION = 1;
				DEVELOPMENT_TEAM = 35W7TZ9DUM;
				GENERATE_INFOPLIST_FILE = YES;
				LD_RUNPATH_SEARCH_PATHS = (
					"$(inherited)",
					"@executable_path/Frameworks",
					"@loader_path/Frameworks",
				);
				MARKETING_VERSION = 1.0;
				PRODUCT_BUNDLE_IDENTIFIER = com.paigesoftware.TestFieldTestExamplesUITests;
				PRODUCT_NAME = "$(TARGET_NAME)";
				SWIFT_EMIT_LOC_STRINGS = NO;
				SWIFT_VERSION = 5.0;
				TARGETED_DEVICE_FAMILY = "1,2";
				TEST_TARGET_NAME = TestFieldTestExamples;
			};
			name = Release;
		};
/* End XCBuildConfiguration section */

/* Begin XCConfigurationList section */
		6C3D30722778C23400665254 /* Build configuration list for PBXProject "TestFieldTestExamples" */ = {
			isa = XCConfigurationList;
			buildConfigurations = (
				6C3D309F2778C23500665254 /* Debug */,
				6C3D30A02778C23500665254 /* Release */,
			);
			defaultConfigurationIsVisible = 0;
			defaultConfigurationName = Release;
		};
		6C3D30A12778C23500665254 /* Build configuration list for PBXNativeTarget "TestFieldTestExamples" */ = {
			isa = XCConfigurationList;
			buildConfigurations = (
				6C3D30A22778C23500665254 /* Debug */,
				6C3D30A32778C23500665254 /* Release */,
			);
			defaultConfigurationIsVisible = 0;
			defaultConfigurationName = Release;
		};
		6C3D30A42778C23500665254 /* Build configuration list for PBXNativeTarget "TestFieldTestExamplesTests" */ = {
			isa = XCConfigurationList;
			buildConfigurations = (
				6C3D30A52778C23500665254 /* Debug */,
				6C3D30A62778C23500665254 /* Release */,
			);
			defaultConfigurationIsVisible = 0;
			defaultConfigurationName = Release;
		};
		6C3D30A72778C23500665254 /* Build configuration list for PBXNativeTarget "TestFieldTestExamplesUITests" */ = {
			isa = XCConfigurationList;
			buildConfigurations = (
				6C3D30A82778C23500665254 /* Debug */,
				6C3D30A92778C23500665254 /* Release */,
			);
			defaultConfigurationIsVisible = 0;
			defaultConfigurationName = Release;
		};
/* End XCConfigurationList section */
	};
	rootObject = 6C3D306F2778C23400665254 /* Project object */;
}
