// !$*UTF8*$!
{
	archiveVersion = 1;
	classes = {
	};
	objectVersion = 55;
	objects = {

/* Begin PBXBuildFile section */
		6C3D2FF42778B74700665254 /* AppDelegate.swift in Sources */ = {isa = PBXBuildFile; fileRef = 6C3D2FF32778B74700665254 /* AppDelegate.swift */; };
		6C3D2FF62778B74700665254 /* SceneDelegate.swift in Sources */ = {isa = PBXBuildFile; fileRef = 6C3D2FF52778B74700665254 /* SceneDelegate.swift */; };
		6C3D2FF82778B74700665254 /* ViewController.swift in Sources */ = {isa = PBXBuildFile; fileRef = 6C3D2FF72778B74700665254 /* ViewController.swift */; };
		6C3D2FFB2778B74700665254 /* Main.storyboard in Resources */ = {isa = PBXBuildFile; fileRef = 6C3D2FF92778B74700665254 /* Main.storyboard */; };
		6C3D2FFD2778B74800665254 /* Assets.xcassets in Resources */ = {isa = PBXBuildFile; fileRef = 6C3D2FFC2778B74800665254 /* Assets.xcassets */; };
		6C3D30002778B74800665254 /* LaunchScreen.storyboard in Resources */ = {isa = PBXBuildFile; fileRef = 6C3D2FFE2778B74800665254 /* LaunchScreen.storyboard */; };
		6C3D300B2778B74800665254 /* WaytsToLoadUIVCTests.swift in Sources */ = {isa = PBXBuildFile; fileRef = 6C3D300A2778B74800665254 /* WaytsToLoadUIVCTests.swift */; };
		6C3D30152778B74800665254 /* WaytsToLoadUIVCUITests.swift in Sources */ = {isa = PBXBuildFile; fileRef = 6C3D30142778B74800665254 /* WaytsToLoadUIVCUITests.swift */; };
		6C3D30172778B74800665254 /* WaytsToLoadUIVCUITestsLaunchTests.swift in Sources */ = {isa = PBXBuildFile; fileRef = 6C3D30162778B74800665254 /* WaytsToLoadUIVCUITestsLaunchTests.swift */; };
		6C3D30252778B7FB00665254 /* XIBBasedViewController.swift in Sources */ = {isa = PBXBuildFile; fileRef = 6C3D30232778B7FB00665254 /* XIBBasedViewController.swift */; };
		6C3D30262778B7FB00665254 /* XIBBasedViewController.xib in Resources */ = {isa = PBXBuildFile; fileRef = 6C3D30242778B7FB00665254 /* XIBBasedViewController.xib */; };
		6C3D30282778B83800665254 /* LoadingViewControllerWithXIB.swift in Sources */ = {isa = PBXBuildFile; fileRef = 6C3D30272778B83800665254 /* LoadingViewControllerWithXIB.swift */; };
		6C3D302A2778B89D00665254 /* HomePageVC.swift in Sources */ = {isa = PBXBuildFile; fileRef = 6C3D30292778B89D00665254 /* HomePageVC.swift */; };
		6C3D302C2778B8D800665254 /* HomePageVCTests.swift in Sources */ = {isa = PBXBuildFile; fileRef = 6C3D302B2778B8D800665254 /* HomePageVCTests.swift */; };
/* End PBXBuildFile section */

/* Begin PBXContainerItemProxy section */
		6C3D30072778B74800665254 /* PBXContainerItemProxy */ = {
			isa = PBXContainerItemProxy;
			containerPortal = 6C3D2FE82778B74700665254 /* Project object */;
			proxyType = 1;
			remoteGlobalIDString = 6C3D2FEF2778B74700665254;
			remoteInfo = WaytsToLoadUIVC;
		};
		6C3D30112778B74800665254 /* PBXContainerItemProxy */ = {
			isa = PBXContainerItemProxy;
			containerPortal = 6C3D2FE82778B74700665254 /* Project object */;
			proxyType = 1;
			remoteGlobalIDString = 6C3D2FEF2778B74700665254;
			remoteInfo = WaytsToLoadUIVC;
		};
/* End PBXContainerItemProxy section */

/* Begin PBXFileReference section */
		6C3D2FF02778B74700665254 /* WaytsToLoadUIVC.app */ = {isa = PBXFileReference; explicitFileType = wrapper.application; includeInIndex = 0; path = WaytsToLoadUIVC.app; sourceTree = BUILT_PRODUCTS_DIR; };
		6C3D2FF32778B74700665254 /* AppDelegate.swift */ = {isa = PBXFileReference; lastKnownFileType = sourcecode.swift; path = AppDelegate.swift; sourceTree = "<group>"; };
		6C3D2FF52778B74700665254 /* SceneDelegate.swift */ = {isa = PBXFileReference; lastKnownFileType = sourcecode.swift; path = SceneDelegate.swift; sourceTree = "<group>"; };
		6C3D2FF72778B74700665254 /* ViewController.swift */ = {isa = PBXFileReference; lastKnownFileType = sourcecode.swift; path = ViewController.swift; sourceTree = "<group>"; };
		6C3D2FFA2778B74700665254 /* Base */ = {isa = PBXFileReference; lastKnownFileType = file.storyboard; name = Base; path = Base.lproj/Main.storyboard; sourceTree = "<group>"; };
		6C3D2FFC2778B74800665254 /* Assets.xcassets */ = {isa = PBXFileReference; lastKnownFileType = folder.assetcatalog; path = Assets.xcassets; sourceTree = "<group>"; };
		6C3D2FFF2778B74800665254 /* Base */ = {isa = PBXFileReference; lastKnownFileType = file.storyboard; name = Base; path = Base.lproj/LaunchScreen.storyboard; sourceTree = "<group>"; };
		6C3D30012778B74800665254 /* Info.plist */ = {isa = PBXFileReference; lastKnownFileType = text.plist.xml; path = Info.plist; sourceTree = "<group>"; };
		6C3D30062778B74800665254 /* WaytsToLoadUIVCTests.xctest */ = {isa = PBXFileReference; explicitFileType = wrapper.cfbundle; includeInIndex = 0; path = WaytsToLoadUIVCTests.xctest; sourceTree = BUILT_PRODUCTS_DIR; };
		6C3D300A2778B74800665254 /* WaytsToLoadUIVCTests.swift */ = {isa = PBXFileReference; lastKnownFileType = sourcecode.swift; path = WaytsToLoadUIVCTests.swift; sourceTree = "<group>"; };
		6C3D30102778B74800665254 /* WaytsToLoadUIVCUITests.xctest */ = {isa = PBXFileReference; explicitFileType = wrapper.cfbundle; includeInIndex = 0; path = WaytsToLoadUIVCUITests.xctest; sourceTree = BUILT_PRODUCTS_DIR; };
		6C3D30142778B74800665254 /* WaytsToLoadUIVCUITests.swift */ = {isa = PBXFileReference; lastKnownFileType = sourcecode.swift; path = WaytsToLoadUIVCUITests.swift; sourceTree = "<group>"; };
		6C3D30162778B74800665254 /* WaytsToLoadUIVCUITestsLaunchTests.swift */ = {isa = PBXFileReference; lastKnownFileType = sourcecode.swift; path = WaytsToLoadUIVCUITestsLaunchTests.swift; sourceTree = "<group>"; };
		6C3D30232778B7FB00665254 /* XIBBasedViewController.swift */ = {isa = PBXFileReference; lastKnownFileType = sourcecode.swift; path = XIBBasedViewController.swift; sourceTree = "<group>"; };
		6C3D30242778B7FB00665254 /* XIBBasedViewController.xib */ = {isa = PBXFileReference; lastKnownFileType = file.xib; path = XIBBasedViewController.xib; sourceTree = "<group>"; };
		6C3D30272778B83800665254 /* LoadingViewControllerWithXIB.swift */ = {isa = PBXFileReference; lastKnownFileType = sourcecode.swift; path = LoadingViewControllerWithXIB.swift; sourceTree = "<group>"; };
		6C3D30292778B89D00665254 /* HomePageVC.swift */ = {isa = PBXFileReference; lastKnownFileType = sourcecode.swift; path = HomePageVC.swift; sourceTree = "<group>"; };
		6C3D302B2778B8D800665254 /* HomePageVCTests.swift */ = {isa = PBXFileReference; lastKnownFileType = sourcecode.swift; path = HomePageVCTests.swift; sourceTree = "<group>"; };
/* End PBXFileReference section */

/* Begin PBXFrameworksBuildPhase section */
		6C3D2FED2778B74700665254 /* Frameworks */ = {
			isa = PBXFrameworksBuildPhase;
			buildActionMask = 2147483647;
			files = (
			);
			runOnlyForDeploymentPostprocessing = 0;
		};
		6C3D30032778B74800665254 /* Frameworks */ = {
			isa = PBXFrameworksBuildPhase;
			buildActionMask = 2147483647;
			files = (
			);
			runOnlyForDeploymentPostprocessing = 0;
		};
		6C3D300D2778B74800665254 /* Frameworks */ = {
			isa = PBXFrameworksBuildPhase;
			buildActionMask = 2147483647;
			files = (
			);
			runOnlyForDeploymentPostprocessing = 0;
		};
/* End PBXFrameworksBuildPhase section */

/* Begin PBXGroup section */
		6C3D2FE72778B74700665254 = {
			isa = PBXGroup;
			children = (
				6C3D2FF22778B74700665254 /* WaytsToLoadUIVC */,
				6C3D30092778B74800665254 /* WaytsToLoadUIVCTests */,
				6C3D30132778B74800665254 /* WaytsToLoadUIVCUITests */,
				6C3D2FF12778B74700665254 /* Products */,
			);
			sourceTree = "<group>";
		};
		6C3D2FF12778B74700665254 /* Products */ = {
			isa = PBXGroup;
			children = (
				6C3D2FF02778B74700665254 /* WaytsToLoadUIVC.app */,
				6C3D30062778B74800665254 /* WaytsToLoadUIVCTests.xctest */,
				6C3D30102778B74800665254 /* WaytsToLoadUIVCUITests.xctest */,
			);
			name = Products;
			sourceTree = "<group>";
		};
		6C3D2FF22778B74700665254 /* WaytsToLoadUIVC */ = {
			isa = PBXGroup;
			children = (
				6C3D2FF32778B74700665254 /* AppDelegate.swift */,
				6C3D2FF52778B74700665254 /* SceneDelegate.swift */,
				6C3D2FF72778B74700665254 /* ViewController.swift */,
				6C3D30232778B7FB00665254 /* XIBBasedViewController.swift */,
				6C3D30292778B89D00665254 /* HomePageVC.swift */,
				6C3D2FF92778B74700665254 /* Main.storyboard */,
				6C3D30242778B7FB00665254 /* XIBBasedViewController.xib */,
				6C3D2FFC2778B74800665254 /* Assets.xcassets */,
				6C3D2FFE2778B74800665254 /* LaunchScreen.storyboard */,
				6C3D30012778B74800665254 /* Info.plist */,
			);
			path = WaytsToLoadUIVC;
			sourceTree = "<group>";
		};
		6C3D30092778B74800665254 /* WaytsToLoadUIVCTests */ = {
			isa = PBXGroup;
			children = (
				6C3D300A2778B74800665254 /* WaytsToLoadUIVCTests.swift */,
				6C3D30272778B83800665254 /* LoadingViewControllerWithXIB.swift */,
				6C3D302B2778B8D800665254 /* HomePageVCTests.swift */,
			);
			path = WaytsToLoadUIVCTests;
			sourceTree = "<group>";
		};
		6C3D30132778B74800665254 /* WaytsToLoadUIVCUITests */ = {
			isa = PBXGroup;
			children = (
				6C3D30142778B74800665254 /* WaytsToLoadUIVCUITests.swift */,
				6C3D30162778B74800665254 /* WaytsToLoadUIVCUITestsLaunchTests.swift */,
			);
			path = WaytsToLoadUIVCUITests;
			sourceTree = "<group>";
		};
/* End PBXGroup section */

/* Begin PBXNativeTarget section */
		6C3D2FEF2778B74700665254 /* WaytsToLoadUIVC */ = {
			isa = PBXNativeTarget;
			buildConfigurationList = 6C3D301A2778B74800665254 /* Build configuration list for PBXNativeTarget "WaytsToLoadUIVC" */;
			buildPhases = (
				6C3D2FEC2778B74700665254 /* Sources */,
				6C3D2FED2778B74700665254 /* Frameworks */,
				6C3D2FEE2778B74700665254 /* Resources */,
			);
			buildRules = (
			);
			dependencies = (
			);
			name = WaytsToLoadUIVC;
			productName = WaytsToLoadUIVC;
			productReference = 6C3D2FF02778B74700665254 /* WaytsToLoadUIVC.app */;
			productType = "com.apple.product-type.application";
		};
		6C3D30052778B74800665254 /* WaytsToLoadUIVCTests */ = {
			isa = PBXNativeTarget;
			buildConfigurationList = 6C3D301D2778B74800665254 /* Build configuration list for PBXNativeTarget "WaytsToLoadUIVCTests" */;
			buildPhases = (
				6C3D30022778B74800665254 /* Sources */,
				6C3D30032778B74800665254 /* Frameworks */,
				6C3D30042778B74800665254 /* Resources */,
			);
			buildRules = (
			);
			dependencies = (
				6C3D30082778B74800665254 /* PBXTargetDependency */,
			);
			name = WaytsToLoadUIVCTests;
			productName = WaytsToLoadUIVCTests;
			productReference = 6C3D30062778B74800665254 /* WaytsToLoadUIVCTests.xctest */;
			productType = "com.apple.product-type.bundle.unit-test";
		};
		6C3D300F2778B74800665254 /* WaytsToLoadUIVCUITests */ = {
			isa = PBXNativeTarget;
			buildConfigurationList = 6C3D30202778B74800665254 /* Build configuration list for PBXNativeTarget "WaytsToLoadUIVCUITests" */;
			buildPhases = (
				6C3D300C2778B74800665254 /* Sources */,
				6C3D300D2778B74800665254 /* Frameworks */,
				6C3D300E2778B74800665254 /* Resources */,
			);
			buildRules = (
			);
			dependencies = (
				6C3D30122778B74800665254 /* PBXTargetDependency */,
			);
			name = WaytsToLoadUIVCUITests;
			productName = WaytsToLoadUIVCUITests;
			productReference = 6C3D30102778B74800665254 /* WaytsToLoadUIVCUITests.xctest */;
			productType = "com.apple.product-type.bundle.ui-testing";
		};
/* End PBXNativeTarget section */

/* Begin PBXProject section */
		6C3D2FE82778B74700665254 /* Project object */ = {
			isa = PBXProject;
			attributes = {
				BuildIndependentTargetsInParallel = 1;
				LastSwiftUpdateCheck = 1310;
				LastUpgradeCheck = 1310;
				TargetAttributes = {
					6C3D2FEF2778B74700665254 = {
						CreatedOnToolsVersion = 13.1;
					};
					6C3D30052778B74800665254 = {
						CreatedOnToolsVersion = 13.1;
						TestTargetID = 6C3D2FEF2778B74700665254;
					};
					6C3D300F2778B74800665254 = {
						CreatedOnToolsVersion = 13.1;
						TestTargetID = 6C3D2FEF2778B74700665254;
					};
				};
			};
			buildConfigurationList = 6C3D2FEB2778B74700665254 /* Build configuration list for PBXProject "WaytsToLoadUIVC" */;
			compatibilityVersion = "Xcode 13.0";
			developmentRegion = en;
			hasScannedForEncodings = 0;
			knownRegions = (
				en,
				Base,
			);
			mainGroup = 6C3D2FE72778B74700665254;
			productRefGroup = 6C3D2FF12778B74700665254 /* Products */;
			projectDirPath = "";
			projectRoot = "";
			targets = (
				6C3D2FEF2778B74700665254 /* WaytsToLoadUIVC */,
				6C3D30052778B74800665254 /* WaytsToLoadUIVCTests */,
				6C3D300F2778B74800665254 /* WaytsToLoadUIVCUITests */,
			);
		};
/* End PBXProject section */

/* Begin PBXResourcesBuildPhase section */
		6C3D2FEE2778B74700665254 /* Resources */ = {
			isa = PBXResourcesBuildPhase;
			buildActionMask = 2147483647;
			files = (
				6C3D30262778B7FB00665254 /* XIBBasedViewController.xib in Resources */,
				6C3D30002778B74800665254 /* LaunchScreen.storyboard in Resources */,
				6C3D2FFD2778B74800665254 /* Assets.xcassets in Resources */,
				6C3D2FFB2778B74700665254 /* Main.storyboard in Resources */,
			);
			runOnlyForDeploymentPostprocessing = 0;
		};
		6C3D30042778B74800665254 /* Resources */ = {
			isa = PBXResourcesBuildPhase;
			buildActionMask = 2147483647;
			files = (
			);
			runOnlyForDeploymentPostprocessing = 0;
		};
		6C3D300E2778B74800665254 /* Resources */ = {
			isa = PBXResourcesBuildPhase;
			buildActionMask = 2147483647;
			files = (
			);
			runOnlyForDeploymentPostprocessing = 0;
		};
/* End PBXResourcesBuildPhase section */

/* Begin PBXSourcesBuildPhase section */
		6C3D2FEC2778B74700665254 /* Sources */ = {
			isa = PBXSourcesBuildPhase;
			buildActionMask = 2147483647;
			files = (
				6C3D302A2778B89D00665254 /* HomePageVC.swift in Sources */,
				6C3D30252778B7FB00665254 /* XIBBasedViewController.swift in Sources */,
				6C3D2FF82778B74700665254 /* ViewController.swift in Sources */,
				6C3D2FF42778B74700665254 /* AppDelegate.swift in Sources */,
				6C3D2FF62778B74700665254 /* SceneDelegate.swift in Sources */,
			);
			runOnlyForDeploymentPostprocessing = 0;
		};
		6C3D30022778B74800665254 /* Sources */ = {
			isa = PBXSourcesBuildPhase;
			buildActionMask = 2147483647;
			files = (
				6C3D302C2778B8D800665254 /* HomePageVCTests.swift in Sources */,
				6C3D300B2778B74800665254 /* WaytsToLoadUIVCTests.swift in Sources */,
				6C3D30282778B83800665254 /* LoadingViewControllerWithXIB.swift in Sources */,
			);
			runOnlyForDeploymentPostprocessing = 0;
		};
		6C3D300C2778B74800665254 /* Sources */ = {
			isa = PBXSourcesBuildPhase;
			buildActionMask = 2147483647;
			files = (
				6C3D30152778B74800665254 /* WaytsToLoadUIVCUITests.swift in Sources */,
				6C3D30172778B74800665254 /* WaytsToLoadUIVCUITestsLaunchTests.swift in Sources */,
			);
			runOnlyForDeploymentPostprocessing = 0;
		};
/* End PBXSourcesBuildPhase section */

/* Begin PBXTargetDependency section */
		6C3D30082778B74800665254 /* PBXTargetDependency */ = {
			isa = PBXTargetDependency;
			target = 6C3D2FEF2778B74700665254 /* WaytsToLoadUIVC */;
			targetProxy = 6C3D30072778B74800665254 /* PBXContainerItemProxy */;
		};
		6C3D30122778B74800665254 /* PBXTargetDependency */ = {
			isa = PBXTargetDependency;
			target = 6C3D2FEF2778B74700665254 /* WaytsToLoadUIVC */;
			targetProxy = 6C3D30112778B74800665254 /* PBXContainerItemProxy */;
		};
/* End PBXTargetDependency section */

/* Begin PBXVariantGroup section */
		6C3D2FF92778B74700665254 /* Main.storyboard */ = {
			isa = PBXVariantGroup;
			children = (
				6C3D2FFA2778B74700665254 /* Base */,
			);
			name = Main.storyboard;
			sourceTree = "<group>";
		};
		6C3D2FFE2778B74800665254 /* LaunchScreen.storyboard */ = {
			isa = PBXVariantGroup;
			children = (
				6C3D2FFF2778B74800665254 /* Base */,
			);
			name = LaunchScreen.storyboard;
			sourceTree = "<group>";
		};
/* End PBXVariantGroup section */

/* Begin XCBuildConfiguration section */
		6C3D30182778B74800665254 /* Debug */ = {
			isa = XCBuildConfiguration;
			buildSettings = {
				ALWAYS_SEARCH_USER_PATHS = NO;
				CLANG_ANALYZER_NONNULL = YES;
				CLANG_ANALYZER_NUMBER_OBJECT_CONVERSION = YES_AGGRESSIVE;
				CLANG_CXX_LANGUAGE_STANDARD = "gnu++17";
				CLANG_CXX_LIBRARY = "libc++";
				CLANG_ENABLE_MODULES = YES;
				CLANG_ENABLE_OBJC_ARC = YES;
				CLANG_ENABLE_OBJC_WEAK = YES;
				CLANG_WARN_BLOCK_CAPTURE_AUTORELEASING = YES;
				CLANG_WARN_BOOL_CONVERSION = YES;
				CLANG_WARN_COMMA = YES;
				CLANG_WARN_CONSTANT_CONVERSION = YES;
				CLANG_WARN_DEPRECATED_OBJC_IMPLEMENTATIONS = YES;
				CLANG_WARN_DIRECT_OBJC_ISA_USAGE = YES_ERROR;
				CLANG_WARN_DOCUMENTATION_COMMENTS = YES;
				CLANG_WARN_EMPTY_BODY = YES;
				CLANG_WARN_ENUM_CONVERSION = YES;
				CLANG_WARN_INFINITE_RECURSION = YES;
				CLANG_WARN_INT_CONVERSION = YES;
				CLANG_WARN_NON_LITERAL_NULL_CONVERSION = YES;
				CLANG_WARN_OBJC_IMPLICIT_RETAIN_SELF = YES;
				CLANG_WARN_OBJC_LITERAL_CONVERSION = YES;
				CLANG_WARN_OBJC_ROOT_CLASS = YES_ERROR;
				CLANG_WARN_QUOTED_INCLUDE_IN_FRAMEWORK_HEADER = YES;
				CLANG_WARN_RANGE_LOOP_ANALYSIS = YES;
				CLANG_WARN_STRICT_PROTOTYPES = YES;
				CLANG_WARN_SUSPICIOUS_MOVE = YES;
				CLANG_WARN_UNGUARDED_AVAILABILITY = YES_AGGRESSIVE;
				CLANG_WARN_UNREACHABLE_CODE = YES;
				CLANG_WARN__DUPLICATE_METHOD_MATCH = YES;
				COPY_PHASE_STRIP = NO;
				DEBUG_INFORMATION_FORMAT = dwarf;
				ENABLE_STRICT_OBJC_MSGSEND = YES;
				ENABLE_TESTABILITY = YES;
				GCC_C_LANGUAGE_STANDARD = gnu11;
				GCC_DYNAMIC_NO_PIC = NO;
				GCC_NO_COMMON_BLOCKS = YES;
				GCC_OPTIMIZATION_LEVEL = 0;
				GCC_PREPROCESSOR_DEFINITIONS = (
					"DEBUG=1",
					"$(inherited)",
				);
				GCC_WARN_64_TO_32_BIT_CONVERSION = YES;
				GCC_WARN_ABOUT_RETURN_TYPE = YES_ERROR;
				GCC_WARN_UNDECLARED_SELECTOR = YES;
				GCC_WARN_UNINITIALIZED_AUTOS = YES_AGGRESSIVE;
				GCC_WARN_UNUSED_FUNCTION = YES;
				GCC_WARN_UNUSED_VARIABLE = YES;
				IPHONEOS_DEPLOYMENT_TARGET = 15.0;
				MTL_ENABLE_DEBUG_INFO = INCLUDE_SOURCE;
				MTL_FAST_MATH = YES;
				ONLY_ACTIVE_ARCH = YES;
				SDKROOT = iphoneos;
				SWIFT_ACTIVE_COMPILATION_CONDITIONS = DEBUG;
				SWIFT_OPTIMIZATION_LEVEL = "-Onone";
			};
			name = Debug;
		};
		6C3D30192778B74800665254 /* Release */ = {
			isa = XCBuildConfiguration;
			buildSettings = {
				ALWAYS_SEARCH_USER_PATHS = NO;
				CLANG_ANALYZER_NONNULL = YES;
				CLANG_ANALYZER_NUMBER_OBJECT_CONVERSION = YES_AGGRESSIVE;
				CLANG_CXX_LANGUAGE_STANDARD = "gnu++17";
				CLANG_CXX_LIBRARY = "libc++";
				CLANG_ENABLE_MODULES = YES;
				CLANG_ENABLE_OBJC_ARC = YES;
				CLANG_ENABLE_OBJC_WEAK = YES;
				CLANG_WARN_BLOCK_CAPTURE_AUTORELEASING = YES;
				CLANG_WARN_BOOL_CONVERSION = YES;
				CLANG_WARN_COMMA = YES;
				CLANG_WARN_CONSTANT_CONVERSION = YES;
				CLANG_WARN_DEPRECATED_OBJC_IMPLEMENTATIONS = YES;
				CLANG_WARN_DIRECT_OBJC_ISA_USAGE = YES_ERROR;
				CLANG_WARN_DOCUMENTATION_COMMENTS = YES;
				CLANG_WARN_EMPTY_BODY = YES;
				CLANG_WARN_ENUM_CONVERSION = YES;
				CLANG_WARN_INFINITE_RECURSION = YES;
				CLANG_WARN_INT_CONVERSION = YES;
				CLANG_WARN_NON_LITERAL_NULL_CONVERSION = YES;
				CLANG_WARN_OBJC_IMPLICIT_RETAIN_SELF = YES;
				CLANG_WARN_OBJC_LITERAL_CONVERSION = YES;
				CLANG_WARN_OBJC_ROOT_CLASS = YES_ERROR;
				CLANG_WARN_QUOTED_INCLUDE_IN_FRAMEWORK_HEADER = YES;
				CLANG_WARN_RANGE_LOOP_ANALYSIS = YES;
				CLANG_WARN_STRICT_PROTOTYPES = YES;
				CLANG_WARN_SUSPICIOUS_MOVE = YES;
				CLANG_WARN_UNGUARDED_AVAILABILITY = YES_AGGRESSIVE;
				CLANG_WARN_UNREACHABLE_CODE = YES;
				CLANG_WARN__DUPLICATE_METHOD_MATCH = YES;
				COPY_PHASE_STRIP = NO;
				DEBUG_INFORMATION_FORMAT = "dwarf-with-dsym";
				ENABLE_NS_ASSERTIONS = NO;
				ENABLE_STRICT_OBJC_MSGSEND = YES;
				GCC_C_LANGUAGE_STANDARD = gnu11;
				GCC_NO_COMMON_BLOCKS = YES;
				GCC_WARN_64_TO_32_BIT_CONVERSION = YES;
				GCC_WARN_ABOUT_RETURN_TYPE = YES_ERROR;
				GCC_WARN_UNDECLARED_SELECTOR = YES;
				GCC_WARN_UNINITIALIZED_AUTOS = YES_AGGRESSIVE;
				GCC_WARN_UNUSED_FUNCTION = YES;
				GCC_WARN_UNUSED_VARIABLE = YES;
				IPHONEOS_DEPLOYMENT_TARGET = 15.0;
				MTL_ENABLE_DEBUG_INFO = NO;
				MTL_FAST_MATH = YES;
				SDKROOT = iphoneos;
				SWIFT_COMPILATION_MODE = wholemodule;
				SWIFT_OPTIMIZATION_LEVEL = "-O";
				VALIDATE_PRODUCT = YES;
			};
			name = Release;
		};
		6C3D301B2778B74800665254 /* Debug */ = {
			isa = XCBuildConfiguration;
			buildSettings = {
				ASSETCATALOG_COMPILER_APPICON_NAME = AppIcon;
				ASSETCATALOG_COMPILER_GLOBAL_ACCENT_COLOR_NAME = AccentColor;
				CODE_SIGN_STYLE = Automatic;
				CURRENT_PROJECT_VERSION = 1;
				DEVELOPMENT_TEAM = 35W7TZ9DUM;
				GENERATE_INFOPLIST_FILE = YES;
				INFOPLIST_FILE = WaytsToLoadUIVC/Info.plist;
				INFOPLIST_KEY_UIApplicationSupportsIndirectInputEvents = YES;
				INFOPLIST_KEY_UILaunchStoryboardName = LaunchScreen;
				INFOPLIST_KEY_UIMainStoryboardFile = Main;
				INFOPLIST_KEY_UISupportedInterfaceOrientations_iPad = "UIInterfaceOrientationPortrait UIInterfaceOrientationPortraitUpsideDown UIInterfaceOrientationLandscapeLeft UIInterfaceOrientationLandscapeRight";
				INFOPLIST_KEY_UISupportedInterfaceOrientations_iPhone = "UIInterfaceOrientationPortrait UIInterfaceOrientationLandscapeLeft UIInterfaceOrientationLandscapeRight";
				LD_RUNPATH_SEARCH_PATHS = (
					"$(inherited)",
					"@executable_path/Frameworks",
				);
				MARKETING_VERSION = 1.0;
				PRODUCT_BUNDLE_IDENTIFIER = com.paigesoftware.WaytsToLoadUIVC;
				PRODUCT_NAME = "$(TARGET_NAME)";
				SWIFT_EMIT_LOC_STRINGS = YES;
				SWIFT_VERSION = 5.0;
				TARGETED_DEVICE_FAMILY = "1,2";
			};
			name = Debug;
		};
		6C3D301C2778B74800665254 /* Release */ = {
			isa = XCBuildConfiguration;
			buildSettings = {
				ASSETCATALOG_COMPILER_APPICON_NAME = AppIcon;
				ASSETCATALOG_COMPILER_GLOBAL_ACCENT_COLOR_NAME = AccentColor;
				CODE_SIGN_STYLE = Automatic;
				CURRENT_PROJECT_VERSION = 1;
				DEVELOPMENT_TEAM = 35W7TZ9DUM;
				GENERATE_INFOPLIST_FILE = YES;
				INFOPLIST_FILE = WaytsToLoadUIVC/Info.plist;
				INFOPLIST_KEY_UIApplicationSupportsIndirectInputEvents = YES;
				INFOPLIST_KEY_UILaunchStoryboardName = LaunchScreen;
				INFOPLIST_KEY_UIMainStoryboardFile = Main;
				INFOPLIST_KEY_UISupportedInterfaceOrientations_iPad = "UIInterfaceOrientationPortrait UIInterfaceOrientationPortraitUpsideDown UIInterfaceOrientationLandscapeLeft UIInterfaceOrientationLandscapeRight";
				INFOPLIST_KEY_UISupportedInterfaceOrientations_iPhone = "UIInterfaceOrientationPortrait UIInterfaceOrientationLandscapeLeft UIInterfaceOrientationLandscapeRight";
				LD_RUNPATH_SEARCH_PATHS = (
					"$(inherited)",
					"@executable_path/Frameworks",
				);
				MARKETING_VERSION = 1.0;
				PRODUCT_BUNDLE_IDENTIFIER = com.paigesoftware.WaytsToLoadUIVC;
				PRODUCT_NAME = "$(TARGET_NAME)";
				SWIFT_EMIT_LOC_STRINGS = YES;
				SWIFT_VERSION = 5.0;
				TARGETED_DEVICE_FAMILY = "1,2";
			};
			name = Release;
		};
		6C3D301E2778B74800665254 /* Debug */ = {
			isa = XCBuildConfiguration;
			buildSettings = {
				ALWAYS_EMBED_SWIFT_STANDARD_LIBRARIES = YES;
				BUNDLE_LOADER = "$(TEST_HOST)";
				CODE_SIGN_STYLE = Automatic;
				CURRENT_PROJECT_VERSION = 1;
				DEVELOPMENT_TEAM = 35W7TZ9DUM;
				GENERATE_INFOPLIST_FILE = YES;
				IPHONEOS_DEPLOYMENT_TARGET = 15.0;
				LD_RUNPATH_SEARCH_PATHS = (
					"$(inherited)",
					"@executable_path/Frameworks",
					"@loader_path/Frameworks",
				);
				MARKETING_VERSION = 1.0;
				PRODUCT_BUNDLE_IDENTIFIER = com.paigesoftware.WaytsToLoadUIVCTests;
				PRODUCT_NAME = "$(TARGET_NAME)";
				SWIFT_EMIT_LOC_STRINGS = NO;
				SWIFT_VERSION = 5.0;
				TARGETED_DEVICE_FAMILY = "1,2";
				TEST_HOST = "$(BUILT_PRODUCTS_DIR)/WaytsToLoadUIVC.app/WaytsToLoadUIVC";
			};
			name = Debug;
		};
		6C3D301F2778B74800665254 /* Release */ = {
			isa = XCBuildConfiguration;
			buildSettings = {
				ALWAYS_EMBED_SWIFT_STANDARD_LIBRARIES = YES;
				BUNDLE_LOADER = "$(TEST_HOST)";
				CODE_SIGN_STYLE = Automatic;
				CURRENT_PROJECT_VERSION = 1;
				DEVELOPMENT_TEAM = 35W7TZ9DUM;
				GENERATE_INFOPLIST_FILE = YES;
				IPHONEOS_DEPLOYMENT_TARGET = 15.0;
				LD_RUNPATH_SEARCH_PATHS = (
					"$(inherited)",
					"@executable_path/Frameworks",
					"@loader_path/Frameworks",
				);
				MARKETING_VERSION = 1.0;
				PRODUCT_BUNDLE_IDENTIFIER = com.paigesoftware.WaytsToLoadUIVCTests;
				PRODUCT_NAME = "$(TARGET_NAME)";
				SWIFT_EMIT_LOC_STRINGS = NO;
				SWIFT_VERSION = 5.0;
				TARGETED_DEVICE_FAMILY = "1,2";
				TEST_HOST = "$(BUILT_PRODUCTS_DIR)/WaytsToLoadUIVC.app/WaytsToLoadUIVC";
			};
			name = Release;
		};
		6C3D30212778B74800665254 /* Debug */ = {
			isa = XCBuildConfiguration;
			buildSettings = {
				ALWAYS_EMBED_SWIFT_STANDARD_LIBRARIES = YES;
				CODE_SIGN_STYLE = Automatic;
				CURRENT_PROJECT_VERSION = 1;
				DEVELOPMENT_TEAM = 35W7TZ9DUM;
				GENERATE_INFOPLIST_FILE = YES;
				LD_RUNPATH_SEARCH_PATHS = (
					"$(inherited)",
					"@executable_path/Frameworks",
					"@loader_path/Frameworks",
				);
				MARKETING_VERSION = 1.0;
				PRODUCT_BUNDLE_IDENTIFIER = com.paigesoftware.WaytsToLoadUIVCUITests;
				PRODUCT_NAME = "$(TARGET_NAME)";
				SWIFT_EMIT_LOC_STRINGS = NO;
				SWIFT_VERSION = 5.0;
				TARGETED_DEVICE_FAMILY = "1,2";
				TEST_TARGET_NAME = WaytsToLoadUIVC;
			};
			name = Debug;
		};
		6C3D30222778B74800665254 /* Release */ = {
			isa = XCBuildConfiguration;
			buildSettings = {
				ALWAYS_EMBED_SWIFT_STANDARD_LIBRARIES = YES;
				CODE_SIGN_STYLE = Automatic;
				CURRENT_PROJECT_VERSION = 1;
				DEVELOPMENT_TEAM = 35W7TZ9DUM;
				GENERATE_INFOPLIST_FILE = YES;
				LD_RUNPATH_SEARCH_PATHS = (
					"$(inherited)",
					"@executable_path/Frameworks",
					"@loader_path/Frameworks",
				);
				MARKETING_VERSION = 1.0;
				PRODUCT_BUNDLE_IDENTIFIER = com.paigesoftware.WaytsToLoadUIVCUITests;
				PRODUCT_NAME = "$(TARGET_NAME)";
				SWIFT_EMIT_LOC_STRINGS = NO;
				SWIFT_VERSION = 5.0;
				TARGETED_DEVICE_FAMILY = "1,2";
				TEST_TARGET_NAME = WaytsToLoadUIVC;
			};
			name = Release;
		};
/* End XCBuildConfiguration section */

/* Begin XCConfigurationList section */
		6C3D2FEB2778B74700665254 /* Build configuration list for PBXProject "WaytsToLoadUIVC" */ = {
			isa = XCConfigurationList;
			buildConfigurations = (
				6C3D30182778B74800665254 /* Debug */,
				6C3D30192778B74800665254 /* Release */,
			);
			defaultConfigurationIsVisible = 0;
			defaultConfigurationName = Release;
		};
		6C3D301A2778B74800665254 /* Build configuration list for PBXNativeTarget "WaytsToLoadUIVC" */ = {
			isa = XCConfigurationList;
			buildConfigurations = (
				6C3D301B2778B74800665254 /* Debug */,
				6C3D301C2778B74800665254 /* Release */,
			);
			defaultConfigurationIsVisible = 0;
			defaultConfigurationName = Release;
		};
		6C3D301D2778B74800665254 /* Build configuration list for PBXNativeTarget "WaytsToLoadUIVCTests" */ = {
			isa = XCConfigurationList;
			buildConfigurations = (
				6C3D301E2778B74800665254 /* Debug */,
				6C3D301F2778B74800665254 /* Release */,
			);
			defaultConfigurationIsVisible = 0;
			defaultConfigurationName = Release;
		};
		6C3D30202778B74800665254 /* Build configuration list for PBXNativeTarget "WaytsToLoadUIVCUITests" */ = {
			isa = XCConfigurationList;
			buildConfigurations = (
				6C3D30212778B74800665254 /* Debug */,
				6C3D30222778B74800665254 /* Release */,
			);
			defaultConfigurationIsVisible = 0;
			defaultConfigurationName = Release;
		};
/* End XCConfigurationList section */
	};
	rootObject = 6C3D2FE82778B74700665254 /* Project object */;
}
